
Microsoft Visual Studio Solution File, Format Version 12.00
# Visual Studio Version 17
VisualStudioVersion = 17.3.32819.101
MinimumVisualStudioVersion = 10.0.40219.1
Project("{9A19103F-16F7-4668-BE54-9A1E7A4F7556}") = "P046.BaigiamasisOOP", "P046.BaigiamasisOOP\P046.BaigiamasisOOP.csproj", "{500C7712-61B8-4CB2-87A4-C61BFF42D55F}"
EndProject
Project("{9A19103F-16F7-4668-BE54-9A1E7A4F7556}") = "Domain", "Domain\Domain.csproj", "{32D72736-71DA-427B-AA48-F0C25FFB2235}"
EndProject
Global
	GlobalSection(SolutionConfigurationPlatforms) = preSolution
		Debug|Any CPU = Debug|Any CPU
		Release|Any CPU = Release|Any CPU
	EndGlobalSection
	GlobalSection(ProjectConfigurationPlatforms) = postSolution
		{500C7712-61B8-4CB2-87A4-C61BFF42D55F}.Debug|Any CPU.ActiveCfg = Debug|Any CPU
		{500C7712-61B8-4CB2-87A4-C61BFF42D55F}.Debug|Any CPU.Build.0 = Debug|Any CPU
		{500C7712-61B8-4CB2-87A4-C61BFF42D55F}.Release|Any CPU.ActiveCfg = Release|Any CPU
		{500C7712-61B8-4CB2-87A4-C61BFF42D55F}.Release|Any CPU.Build.0 = Release|Any CPU
		{32D72736-71DA-427B-AA48-F0C25FFB2235}.Debug|Any CPU.ActiveCfg = Debug|Any CPU
		{32D72736-71DA-427B-AA48-F0C25FFB2235}.Debug|Any CPU.Build.0 = Debug|Any CPU
		{32D72736-71DA-427B-AA48-F0C25FFB2235}.Release|Any CPU.ActiveCfg = Release|Any CPU
		{32D72736-71DA-427B-AA48-F0C25FFB2235}.Release|Any CPU.Build.0 = Release|Any CPU
	EndGlobalSection
	GlobalSection(SolutionProperties) = preSolution
		HideSolutionNode = FALSE
	EndGlobalSection
	GlobalSection(ExtensibilityGlobals) = postSolution
		SolutionGuid = {BD336022-372D-4A40-BC5D-A2A1D57B86DC}
	EndGlobalSection
EndGlobal
