
Microsoft Visual Studio Solution File, Format Version 12.00
# Visual Studio Version 17
VisualStudioVersion = 17.4.33205.214
MinimumVisualStudioVersion = 10.0.40219.1
Project("{FAE04EC0-301F-11D3-BF4B-00C04F79EFBC}") = "PressentC", "PressentC.csproj", "{D6246D46-B48C-4657-A394-2148E66C394C}"
EndProject
Global
	GlobalSection(SolutionConfigurationPlatforms) = preSolution
		Debug|Any CPU = Debug|Any CPU
		Release|Any CPU = Release|Any CPU
	EndGlobalSection
	GlobalSection(ProjectConfigurationPlatforms) = postSolution
		{D6246D46-B48C-4657-A394-2148E66C394C}.Debug|Any CPU.ActiveCfg = Debug|Any CPU
		{D6246D46-B48C-4657-A394-2148E66C394C}.Debug|Any CPU.Build.0 = Debug|Any CPU
		{D6246D46-B48C-4657-A394-2148E66C394C}.Release|Any CPU.ActiveCfg = Release|Any CPU
		{D6246D46-B48C-4657-A394-2148E66C394C}.Release|Any CPU.Build.0 = Release|Any CPU
	EndGlobalSection
	GlobalSection(SolutionProperties) = preSolution
		HideSolutionNode = FALSE
	EndGlobalSection
	GlobalSection(ExtensibilityGlobals) = postSolution
		SolutionGuid = {03227FD6-83A7-4526-B96E-488AA186D73B}
	EndGlobalSection
EndGlobal
