
Microsoft Visual Studio Solution File, Format Version 12.00
# Visual Studio Version 17
VisualStudioVersion = 17.4.33110.190
MinimumVisualStudioVersion = 10.0.40219.1
Project("{FAE04EC0-301F-11D3-BF4B-00C04F79EFBC}") = "testavimaiTLS", "testavimaiTLS\testavimaiTLS.csproj", "{3D42B1D7-29CE-499B-A237-210F5FBA44E8}"
EndProject
Global
	GlobalSection(SolutionConfigurationPlatforms) = preSolution
		Debug|Any CPU = Debug|Any CPU
		Release|Any CPU = Release|Any CPU
	EndGlobalSection
	GlobalSection(ProjectConfigurationPlatforms) = postSolution
		{3D42B1D7-29CE-499B-A237-210F5FBA44E8}.Debug|Any CPU.ActiveCfg = Debug|Any CPU
		{3D42B1D7-29CE-499B-A237-210F5FBA44E8}.Debug|Any CPU.Build.0 = Debug|Any CPU
		{3D42B1D7-29CE-499B-A237-210F5FBA44E8}.Release|Any CPU.ActiveCfg = Release|Any CPU
		{3D42B1D7-29CE-499B-A237-210F5FBA44E8}.Release|Any CPU.Build.0 = Release|Any CPU
	EndGlobalSection
	GlobalSection(SolutionProperties) = preSolution
		HideSolutionNode = FALSE
	EndGlobalSection
	GlobalSection(ExtensibilityGlobals) = postSolution
		SolutionGuid = {E9E0DA10-9EB6-4523-948A-24DF01FA0080}
	EndGlobalSection
EndGlobal
