
Microsoft Visual Studio Solution File, Format Version 12.00
# Visual Studio Version 17
VisualStudioVersion = 17.3.32819.101
MinimumVisualStudioVersion = 10.0.40219.1
Project("{FAE04EC0-301F-11D3-BF4B-00C04F79EFBC}") = "P044_Extension", "P044_Extension\P044_Extension.csproj", "{58784057-57E4-4FA9-951C-90EC3CE72DCB}"
EndProject
Global
	GlobalSection(SolutionConfigurationPlatforms) = preSolution
		Debug|Any CPU = Debug|Any CPU
		Release|Any CPU = Release|Any CPU
	EndGlobalSection
	GlobalSection(ProjectConfigurationPlatforms) = postSolution
		{58784057-57E4-4FA9-951C-90EC3CE72DCB}.Debug|Any CPU.ActiveCfg = Debug|Any CPU
		{58784057-57E4-4FA9-951C-90EC3CE72DCB}.Debug|Any CPU.Build.0 = Debug|Any CPU
		{58784057-57E4-4FA9-951C-90EC3CE72DCB}.Release|Any CPU.ActiveCfg = Release|Any CPU
		{58784057-57E4-4FA9-951C-90EC3CE72DCB}.Release|Any CPU.Build.0 = Release|Any CPU
	EndGlobalSection
	GlobalSection(SolutionProperties) = preSolution
		HideSolutionNode = FALSE
	EndGlobalSection
	GlobalSection(ExtensibilityGlobals) = postSolution
		SolutionGuid = {E8B7F1FE-3642-42D4-AC6E-AA1393B40B75}
	EndGlobalSection
EndGlobal
