
Microsoft Visual Studio Solution File, Format Version 12.00
# Visual Studio Version 17
VisualStudioVersion = 17.2.32519.379
MinimumVisualStudioVersion = 10.0.40219.1
Project("{9A19103F-16F7-4668-BE54-9A1E7A4F7556}") = "P052_CodeFirstSqliteDb.Infrastructure", "Infrasture\P052_CodeFirstSqliteDb.Infrastructure.csproj", "{EAD922CF-7F88-4CB7-B5DB-DA5DA604ABF8}"
EndProject
Project("{9A19103F-16F7-4668-BE54-9A1E7A4F7556}") = "P052_CodeFirstSqliteDb", "P052\P052_CodeFirstSqliteDb.csproj", "{F3A75E85-0EF1-4155-9917-6AED60BB4AF7}"
EndProject
Project("{FAE04EC0-301F-11D3-BF4B-00C04F79EFBC}") = "P052_CodeFirstSqliteDb.Domains", "P052_CodeFirstSqliteDb.Domains\P052_CodeFirstSqliteDb.Domains.csproj", "{2C9257A6-014A-4BFC-B682-44F6B9E6078E}"
EndProject
Global
	GlobalSection(SolutionConfigurationPlatforms) = preSolution
		Debug|Any CPU = Debug|Any CPU
		Release|Any CPU = Release|Any CPU
	EndGlobalSection
	GlobalSection(ProjectConfigurationPlatforms) = postSolution
		{EAD922CF-7F88-4CB7-B5DB-DA5DA604ABF8}.Debug|Any CPU.ActiveCfg = Debug|Any CPU
		{EAD922CF-7F88-4CB7-B5DB-DA5DA604ABF8}.Debug|Any CPU.Build.0 = Debug|Any CPU
		{EAD922CF-7F88-4CB7-B5DB-DA5DA604ABF8}.Release|Any CPU.ActiveCfg = Release|Any CPU
		{EAD922CF-7F88-4CB7-B5DB-DA5DA604ABF8}.Release|Any CPU.Build.0 = Release|Any CPU
		{F3A75E85-0EF1-4155-9917-6AED60BB4AF7}.Debug|Any CPU.ActiveCfg = Debug|Any CPU
		{F3A75E85-0EF1-4155-9917-6AED60BB4AF7}.Debug|Any CPU.Build.0 = Debug|Any CPU
		{F3A75E85-0EF1-4155-9917-6AED60BB4AF7}.Release|Any CPU.ActiveCfg = Release|Any CPU
		{F3A75E85-0EF1-4155-9917-6AED60BB4AF7}.Release|Any CPU.Build.0 = Release|Any CPU
		{2C9257A6-014A-4BFC-B682-44F6B9E6078E}.Debug|Any CPU.ActiveCfg = Debug|Any CPU
		{2C9257A6-014A-4BFC-B682-44F6B9E6078E}.Debug|Any CPU.Build.0 = Debug|Any CPU
		{2C9257A6-014A-4BFC-B682-44F6B9E6078E}.Release|Any CPU.ActiveCfg = Release|Any CPU
		{2C9257A6-014A-4BFC-B682-44F6B9E6078E}.Release|Any CPU.Build.0 = Release|Any CPU
	EndGlobalSection
	GlobalSection(SolutionProperties) = preSolution
		HideSolutionNode = FALSE
	EndGlobalSection
	GlobalSection(ExtensibilityGlobals) = postSolution
		SolutionGuid = {E45368BB-20C6-4AFE-ACF3-660AF74EAB8A}
	EndGlobalSection
EndGlobal
