
Microsoft Visual Studio Solution File, Format Version 12.00
# Visual Studio Version 17
VisualStudioVersion = 17.2.32519.379
MinimumVisualStudioVersion = 10.0.40219.1
Project("{FAE04EC0-301F-11D3-BF4B-00C04F79EFBC}") = "P058_Json", "P058_Jason\P058_Json.csproj", "{7390D46A-791C-4AF4-9505-8E81571F334D}"
EndProject
Global
	GlobalSection(SolutionConfigurationPlatforms) = preSolution
		Debug|Any CPU = Debug|Any CPU
		Release|Any CPU = Release|Any CPU
	EndGlobalSection
	GlobalSection(ProjectConfigurationPlatforms) = postSolution
		{7390D46A-791C-4AF4-9505-8E81571F334D}.Debug|Any CPU.ActiveCfg = Debug|Any CPU
		{7390D46A-791C-4AF4-9505-8E81571F334D}.Debug|Any CPU.Build.0 = Debug|Any CPU
		{7390D46A-791C-4AF4-9505-8E81571F334D}.Release|Any CPU.ActiveCfg = Release|Any CPU
		{7390D46A-791C-4AF4-9505-8E81571F334D}.Release|Any CPU.Build.0 = Release|Any CPU
	EndGlobalSection
	GlobalSection(SolutionProperties) = preSolution
		HideSolutionNode = FALSE
	EndGlobalSection
	GlobalSection(ExtensibilityGlobals) = postSolution
		SolutionGuid = {FD1E6AA8-2670-4882-A791-2C21814A1D2D}
	EndGlobalSection
EndGlobal
