
Microsoft Visual Studio Solution File, Format Version 12.00
# Visual Studio Version 17
VisualStudioVersion = 17.3.32819.101
MinimumVisualStudioVersion = 10.0.40219.1
Project("{9A19103F-16F7-4668-BE54-9A1E7A4F7556}") = "P045_Generics", "P045_Generic\P045_Generics.csproj", "{BCAA1993-F20E-4F8E-A888-F59989EB7E9F}"
EndProject
Project("{9A19103F-16F7-4668-BE54-9A1E7A4F7556}") = "P045_Generics.Domain", "P045_Generic.Domain\P045_Generics.Domain.csproj", "{F26540FE-E2CA-43DA-B27A-0C00230EC279}"
EndProject
Project("{FAE04EC0-301F-11D3-BF4B-00C04F79EFBC}") = "P045_Generics.DomainTests", "P045_Generics.DomainTests\P045_Generics.DomainTests.csproj", "{249612C0-4CD3-4737-9200-39C7987D7823}"
EndProject
Global
	GlobalSection(SolutionConfigurationPlatforms) = preSolution
		Debug|Any CPU = Debug|Any CPU
		Release|Any CPU = Release|Any CPU
	EndGlobalSection
	GlobalSection(ProjectConfigurationPlatforms) = postSolution
		{BCAA1993-F20E-4F8E-A888-F59989EB7E9F}.Debug|Any CPU.ActiveCfg = Debug|Any CPU
		{BCAA1993-F20E-4F8E-A888-F59989EB7E9F}.Debug|Any CPU.Build.0 = Debug|Any CPU
		{BCAA1993-F20E-4F8E-A888-F59989EB7E9F}.Release|Any CPU.ActiveCfg = Release|Any CPU
		{BCAA1993-F20E-4F8E-A888-F59989EB7E9F}.Release|Any CPU.Build.0 = Release|Any CPU
		{F26540FE-E2CA-43DA-B27A-0C00230EC279}.Debug|Any CPU.ActiveCfg = Debug|Any CPU
		{F26540FE-E2CA-43DA-B27A-0C00230EC279}.Debug|Any CPU.Build.0 = Debug|Any CPU
		{F26540FE-E2CA-43DA-B27A-0C00230EC279}.Release|Any CPU.ActiveCfg = Release|Any CPU
		{F26540FE-E2CA-43DA-B27A-0C00230EC279}.Release|Any CPU.Build.0 = Release|Any CPU
		{249612C0-4CD3-4737-9200-39C7987D7823}.Debug|Any CPU.ActiveCfg = Debug|Any CPU
		{249612C0-4CD3-4737-9200-39C7987D7823}.Debug|Any CPU.Build.0 = Debug|Any CPU
		{249612C0-4CD3-4737-9200-39C7987D7823}.Release|Any CPU.ActiveCfg = Release|Any CPU
		{249612C0-4CD3-4737-9200-39C7987D7823}.Release|Any CPU.Build.0 = Release|Any CPU
	EndGlobalSection
	GlobalSection(SolutionProperties) = preSolution
		HideSolutionNode = FALSE
	EndGlobalSection
	GlobalSection(ExtensibilityGlobals) = postSolution
		SolutionGuid = {0D313669-57BE-4B67-86B0-E26E0B3DA2B4}
	EndGlobalSection
EndGlobal
