
Microsoft Visual Studio Solution File, Format Version 12.00
# Visual Studio Version 17
VisualStudioVersion = 17.2.32519.379
MinimumVisualStudioVersion = 10.0.40219.1
Project("{9A19103F-16F7-4668-BE54-9A1E7A4F7556}") = "2 Lecture", "2 Lecture\2 Lecture.csproj", "{0D723CE1-4546-4257-BFEE-3D2E3BE3C124}"
EndProject
Project("{FAE04EC0-301F-11D3-BF4B-00C04F79EFBC}") = "komentavimas", "komentavimas\komentavimas.csproj", "{D09BC390-7EA2-4285-894F-85378CF6726C}"
EndProject
Project("{FAE04EC0-301F-11D3-BF4B-00C04F79EFBC}") = "Paskaita 2 consoles uzduotys", "Paskaita 2 consoles uzduotys\Paskaita 2 consoles uzduotys.csproj", "{894254E8-66CA-40DA-A61B-0357784FB6F1}"
EndProject
Project("{FAE04EC0-301F-11D3-BF4B-00C04F79EFBC}") = "p2 sTRINGAI kintamieji", "p2 sTRINGAI kintamieji\p2 sTRINGAI kintamieji.csproj", "{BCAB8984-8561-4393-8A49-6092ED50B5E5}"
EndProject
Project("{FAE04EC0-301F-11D3-BF4B-00C04F79EFBC}") = "namu darbai V001", "namu darbai V001\namu darbai V001.csproj", "{23181AB2-2595-44C5-A905-557BCA375616}"
EndProject
Global
	GlobalSection(SolutionConfigurationPlatforms) = preSolution
		Debug|Any CPU = Debug|Any CPU
		Release|Any CPU = Release|Any CPU
	EndGlobalSection
	GlobalSection(ProjectConfigurationPlatforms) = postSolution
		{0D723CE1-4546-4257-BFEE-3D2E3BE3C124}.Debug|Any CPU.ActiveCfg = Debug|Any CPU
		{0D723CE1-4546-4257-BFEE-3D2E3BE3C124}.Debug|Any CPU.Build.0 = Debug|Any CPU
		{0D723CE1-4546-4257-BFEE-3D2E3BE3C124}.Release|Any CPU.ActiveCfg = Release|Any CPU
		{0D723CE1-4546-4257-BFEE-3D2E3BE3C124}.Release|Any CPU.Build.0 = Release|Any CPU
		{D09BC390-7EA2-4285-894F-85378CF6726C}.Debug|Any CPU.ActiveCfg = Debug|Any CPU
		{D09BC390-7EA2-4285-894F-85378CF6726C}.Debug|Any CPU.Build.0 = Debug|Any CPU
		{D09BC390-7EA2-4285-894F-85378CF6726C}.Release|Any CPU.ActiveCfg = Release|Any CPU
		{D09BC390-7EA2-4285-894F-85378CF6726C}.Release|Any CPU.Build.0 = Release|Any CPU
		{894254E8-66CA-40DA-A61B-0357784FB6F1}.Debug|Any CPU.ActiveCfg = Debug|Any CPU
		{894254E8-66CA-40DA-A61B-0357784FB6F1}.Debug|Any CPU.Build.0 = Debug|Any CPU
		{894254E8-66CA-40DA-A61B-0357784FB6F1}.Release|Any CPU.ActiveCfg = Release|Any CPU
		{894254E8-66CA-40DA-A61B-0357784FB6F1}.Release|Any CPU.Build.0 = Release|Any CPU
		{BCAB8984-8561-4393-8A49-6092ED50B5E5}.Debug|Any CPU.ActiveCfg = Debug|Any CPU
		{BCAB8984-8561-4393-8A49-6092ED50B5E5}.Debug|Any CPU.Build.0 = Debug|Any CPU
		{BCAB8984-8561-4393-8A49-6092ED50B5E5}.Release|Any CPU.ActiveCfg = Release|Any CPU
		{BCAB8984-8561-4393-8A49-6092ED50B5E5}.Release|Any CPU.Build.0 = Release|Any CPU
		{23181AB2-2595-44C5-A905-557BCA375616}.Debug|Any CPU.ActiveCfg = Debug|Any CPU
		{23181AB2-2595-44C5-A905-557BCA375616}.Debug|Any CPU.Build.0 = Debug|Any CPU
		{23181AB2-2595-44C5-A905-557BCA375616}.Release|Any CPU.ActiveCfg = Release|Any CPU
		{23181AB2-2595-44C5-A905-557BCA375616}.Release|Any CPU.Build.0 = Release|Any CPU
	EndGlobalSection
	GlobalSection(SolutionProperties) = preSolution
		HideSolutionNode = FALSE
	EndGlobalSection
	GlobalSection(ExtensibilityGlobals) = postSolution
		SolutionGuid = {ABFB28B4-1A40-4092-B6C6-ACB6313AF235}
	EndGlobalSection
EndGlobal
