
Microsoft Visual Studio Solution File, Format Version 12.00
# Visual Studio Version 17
VisualStudioVersion = 17.2.32519.379
MinimumVisualStudioVersion = 10.0.40219.1
Project("{9A19103F-16F7-4668-BE54-9A1E7A4F7556}") = "p2 Stringai kintamieji", "p2 sTRINGAI kintamieji\p2 Stringai kintamieji.csproj", "{BCAB8984-8561-4393-8A49-6092ED50B5E5}"
EndProject
Project("{9A19103F-16F7-4668-BE54-9A1E7A4F7556}") = "namu darbai V001", "namu darbai V001\namu darbai V001.csproj", "{23181AB2-2595-44C5-A905-557BCA375616}"
EndProject
Project("{9A19103F-16F7-4668-BE54-9A1E7A4F7556}") = "P4 Tipu konversijos", "P4 Tipu konversijos\P4 Tipu konversijos.csproj", "{8B1E0C8A-DA0E-450E-B8F1-E575DA842538}"
EndProject
Project("{9A19103F-16F7-4668-BE54-9A1E7A4F7556}") = "P4 Matematikos operatoriai", "P4 Matematikos operatoriai\P4 Matematikos operatoriai.csproj", "{35C70C34-C377-41AB-9694-322917DD99F5}"
EndProject
Project("{9A19103F-16F7-4668-BE54-9A1E7A4F7556}") = "P5 Operatoriai", "P5 operatoriai\P5 Operatoriai.csproj", "{1BDC9721-A2E5-444C-9A57-E748CF04CC7D}"
EndProject
Project("{9A19103F-16F7-4668-BE54-9A1E7A4F7556}") = "P4 Matematines uzduotys", "P4 matematines uzduotys\P4 Matematines uzduotys.csproj", "{E03DD2CC-091A-4187-B5E5-33BEFA81D4CE}"
EndProject
Project("{9A19103F-16F7-4668-BE54-9A1E7A4F7556}") = "P6 Loginiai operatoriai", "P6 Loginiai operatoriai\P6 Loginiai operatoriai.csproj", "{A50B16B1-C41A-4370-BED9-ACB7115C2F7B}"
EndProject
Project("{9A19103F-16F7-4668-BE54-9A1E7A4F7556}") = "SavarankiskasDarbasV02K", "SavarankiskasDarbasV02K\SavarankiskasDarbasV02K.csproj", "{074146E0-B156-4E1D-AB9B-C50820C5C772}"
EndProject
Project("{9A19103F-16F7-4668-BE54-9A1E7A4F7556}") = "P3 kintamieji uzduotys", "P3 kintamieji uzduotys\P3 kintamieji uzduotys.csproj", "{B4A5401B-0234-4441-BF7F-95AE4BD30E7C}"
EndProject
Project("{9A19103F-16F7-4668-BE54-9A1E7A4F7556}") = "P3 kintamieji", "P3 kintamieji\P3 kintamieji.csproj", "{7704702B-3EBB-47B0-AEA6-3E163EEC7A1C}"
EndProject
Project("{9A19103F-16F7-4668-BE54-9A1E7A4F7556}") = "P2 Komentavimas", "P2 komentavimas\P2 Komentavimas.csproj", "{F0221150-770D-41D5-B191-FEBB00B755E9}"
EndProject
Project("{9A19103F-16F7-4668-BE54-9A1E7A4F7556}") = "P1 Ivadas", "P1 ivadas\P1 Ivadas.csproj", "{3E3424D5-0EA1-44FB-8407-54E83EE6E576}"
EndProject
Project("{9A19103F-16F7-4668-BE54-9A1E7A4F7556}") = "P2 Consoles uzduotys", "P2 Consoles uzduotys\P2 Consoles uzduotys.csproj", "{92D9E3FF-5A3C-482A-8C83-0B872102CE9A}"
EndProject
Project("{9A19103F-16F7-4668-BE54-9A1E7A4F7556}") = "savarankiskasDarbasV02T", "savarankiskasDarbasV02T\savarankiskasDarbasV02T.csproj", "{C791CD7B-EA60-483E-9648-0E834762CD9D}"
EndProject
Project("{9A19103F-16F7-4668-BE54-9A1E7A4F7556}") = "P7 IF", "P7 IF\P7 IF.csproj", "{935AF535-513C-49FC-8BCF-7C2EDCF28703}"
EndProject
Project("{9A19103F-16F7-4668-BE54-9A1E7A4F7556}") = "P7 IF uzdaviniai", "P7 IF uzdaviniai\P7 IF uzdaviniai.csproj", "{8C4C851E-CE1F-49EC-AE3D-475E28B594A5}"
EndProject
Project("{9A19103F-16F7-4668-BE54-9A1E7A4F7556}") = "P8 Switch", "P8 Switch\P8 Switch.csproj", "{4BB2B723-01C3-491F-B4FD-9A08C44EC2E8}"
EndProject
Project("{FAE04EC0-301F-11D3-BF4B-00C04F79EFBC}") = "P9 String Manipuliacijos", "P9 String Manipuliacijos\P9 String Manipuliacijos.csproj", "{E20287EB-4D26-4B43-87C8-8CD95AA3E6CD}"
EndProject
Project("{FAE04EC0-301F-11D3-BF4B-00C04F79EFBC}") = "Namu darbai V201", "Namu darbai V201\Namu darbai V201.csproj", "{03C791F4-0FE0-4737-9225-291A81AC85E7}"
EndProject
Global
	GlobalSection(SolutionConfigurationPlatforms) = preSolution
		Debug|Any CPU = Debug|Any CPU
		Release|Any CPU = Release|Any CPU
	EndGlobalSection
	GlobalSection(ProjectConfigurationPlatforms) = postSolution
		{BCAB8984-8561-4393-8A49-6092ED50B5E5}.Debug|Any CPU.ActiveCfg = Debug|Any CPU
		{BCAB8984-8561-4393-8A49-6092ED50B5E5}.Debug|Any CPU.Build.0 = Debug|Any CPU
		{BCAB8984-8561-4393-8A49-6092ED50B5E5}.Release|Any CPU.ActiveCfg = Release|Any CPU
		{BCAB8984-8561-4393-8A49-6092ED50B5E5}.Release|Any CPU.Build.0 = Release|Any CPU
		{23181AB2-2595-44C5-A905-557BCA375616}.Debug|Any CPU.ActiveCfg = Debug|Any CPU
		{23181AB2-2595-44C5-A905-557BCA375616}.Debug|Any CPU.Build.0 = Debug|Any CPU
		{23181AB2-2595-44C5-A905-557BCA375616}.Release|Any CPU.ActiveCfg = Release|Any CPU
		{23181AB2-2595-44C5-A905-557BCA375616}.Release|Any CPU.Build.0 = Release|Any CPU
		{8B1E0C8A-DA0E-450E-B8F1-E575DA842538}.Debug|Any CPU.ActiveCfg = Debug|Any CPU
		{8B1E0C8A-DA0E-450E-B8F1-E575DA842538}.Debug|Any CPU.Build.0 = Debug|Any CPU
		{8B1E0C8A-DA0E-450E-B8F1-E575DA842538}.Release|Any CPU.ActiveCfg = Release|Any CPU
		{8B1E0C8A-DA0E-450E-B8F1-E575DA842538}.Release|Any CPU.Build.0 = Release|Any CPU
		{35C70C34-C377-41AB-9694-322917DD99F5}.Debug|Any CPU.ActiveCfg = Debug|Any CPU
		{35C70C34-C377-41AB-9694-322917DD99F5}.Debug|Any CPU.Build.0 = Debug|Any CPU
		{35C70C34-C377-41AB-9694-322917DD99F5}.Release|Any CPU.ActiveCfg = Release|Any CPU
		{35C70C34-C377-41AB-9694-322917DD99F5}.Release|Any CPU.Build.0 = Release|Any CPU
		{1BDC9721-A2E5-444C-9A57-E748CF04CC7D}.Debug|Any CPU.ActiveCfg = Debug|Any CPU
		{1BDC9721-A2E5-444C-9A57-E748CF04CC7D}.Debug|Any CPU.Build.0 = Debug|Any CPU
		{1BDC9721-A2E5-444C-9A57-E748CF04CC7D}.Release|Any CPU.ActiveCfg = Release|Any CPU
		{1BDC9721-A2E5-444C-9A57-E748CF04CC7D}.Release|Any CPU.Build.0 = Release|Any CPU
		{E03DD2CC-091A-4187-B5E5-33BEFA81D4CE}.Debug|Any CPU.ActiveCfg = Debug|Any CPU
		{E03DD2CC-091A-4187-B5E5-33BEFA81D4CE}.Debug|Any CPU.Build.0 = Debug|Any CPU
		{E03DD2CC-091A-4187-B5E5-33BEFA81D4CE}.Release|Any CPU.ActiveCfg = Release|Any CPU
		{E03DD2CC-091A-4187-B5E5-33BEFA81D4CE}.Release|Any CPU.Build.0 = Release|Any CPU
		{A50B16B1-C41A-4370-BED9-ACB7115C2F7B}.Debug|Any CPU.ActiveCfg = Debug|Any CPU
		{A50B16B1-C41A-4370-BED9-ACB7115C2F7B}.Debug|Any CPU.Build.0 = Debug|Any CPU
		{A50B16B1-C41A-4370-BED9-ACB7115C2F7B}.Release|Any CPU.ActiveCfg = Release|Any CPU
		{A50B16B1-C41A-4370-BED9-ACB7115C2F7B}.Release|Any CPU.Build.0 = Release|Any CPU
		{074146E0-B156-4E1D-AB9B-C50820C5C772}.Debug|Any CPU.ActiveCfg = Debug|Any CPU
		{074146E0-B156-4E1D-AB9B-C50820C5C772}.Debug|Any CPU.Build.0 = Debug|Any CPU
		{074146E0-B156-4E1D-AB9B-C50820C5C772}.Release|Any CPU.ActiveCfg = Release|Any CPU
		{074146E0-B156-4E1D-AB9B-C50820C5C772}.Release|Any CPU.Build.0 = Release|Any CPU
		{B4A5401B-0234-4441-BF7F-95AE4BD30E7C}.Debug|Any CPU.ActiveCfg = Debug|Any CPU
		{B4A5401B-0234-4441-BF7F-95AE4BD30E7C}.Debug|Any CPU.Build.0 = Debug|Any CPU
		{B4A5401B-0234-4441-BF7F-95AE4BD30E7C}.Release|Any CPU.ActiveCfg = Release|Any CPU
		{B4A5401B-0234-4441-BF7F-95AE4BD30E7C}.Release|Any CPU.Build.0 = Release|Any CPU
		{7704702B-3EBB-47B0-AEA6-3E163EEC7A1C}.Debug|Any CPU.ActiveCfg = Debug|Any CPU
		{7704702B-3EBB-47B0-AEA6-3E163EEC7A1C}.Debug|Any CPU.Build.0 = Debug|Any CPU
		{7704702B-3EBB-47B0-AEA6-3E163EEC7A1C}.Release|Any CPU.ActiveCfg = Release|Any CPU
		{7704702B-3EBB-47B0-AEA6-3E163EEC7A1C}.Release|Any CPU.Build.0 = Release|Any CPU
		{F0221150-770D-41D5-B191-FEBB00B755E9}.Debug|Any CPU.ActiveCfg = Debug|Any CPU
		{F0221150-770D-41D5-B191-FEBB00B755E9}.Debug|Any CPU.Build.0 = Debug|Any CPU
		{F0221150-770D-41D5-B191-FEBB00B755E9}.Release|Any CPU.ActiveCfg = Release|Any CPU
		{F0221150-770D-41D5-B191-FEBB00B755E9}.Release|Any CPU.Build.0 = Release|Any CPU
		{3E3424D5-0EA1-44FB-8407-54E83EE6E576}.Debug|Any CPU.ActiveCfg = Debug|Any CPU
		{3E3424D5-0EA1-44FB-8407-54E83EE6E576}.Debug|Any CPU.Build.0 = Debug|Any CPU
		{3E3424D5-0EA1-44FB-8407-54E83EE6E576}.Release|Any CPU.ActiveCfg = Release|Any CPU
		{3E3424D5-0EA1-44FB-8407-54E83EE6E576}.Release|Any CPU.Build.0 = Release|Any CPU
		{92D9E3FF-5A3C-482A-8C83-0B872102CE9A}.Debug|Any CPU.ActiveCfg = Debug|Any CPU
		{92D9E3FF-5A3C-482A-8C83-0B872102CE9A}.Debug|Any CPU.Build.0 = Debug|Any CPU
		{92D9E3FF-5A3C-482A-8C83-0B872102CE9A}.Release|Any CPU.ActiveCfg = Release|Any CPU
		{92D9E3FF-5A3C-482A-8C83-0B872102CE9A}.Release|Any CPU.Build.0 = Release|Any CPU
		{C791CD7B-EA60-483E-9648-0E834762CD9D}.Debug|Any CPU.ActiveCfg = Debug|Any CPU
		{C791CD7B-EA60-483E-9648-0E834762CD9D}.Debug|Any CPU.Build.0 = Debug|Any CPU
		{C791CD7B-EA60-483E-9648-0E834762CD9D}.Release|Any CPU.ActiveCfg = Release|Any CPU
		{C791CD7B-EA60-483E-9648-0E834762CD9D}.Release|Any CPU.Build.0 = Release|Any CPU
		{935AF535-513C-49FC-8BCF-7C2EDCF28703}.Debug|Any CPU.ActiveCfg = Debug|Any CPU
		{935AF535-513C-49FC-8BCF-7C2EDCF28703}.Debug|Any CPU.Build.0 = Debug|Any CPU
		{935AF535-513C-49FC-8BCF-7C2EDCF28703}.Release|Any CPU.ActiveCfg = Release|Any CPU
		{935AF535-513C-49FC-8BCF-7C2EDCF28703}.Release|Any CPU.Build.0 = Release|Any CPU
		{8C4C851E-CE1F-49EC-AE3D-475E28B594A5}.Debug|Any CPU.ActiveCfg = Debug|Any CPU
		{8C4C851E-CE1F-49EC-AE3D-475E28B594A5}.Debug|Any CPU.Build.0 = Debug|Any CPU
		{8C4C851E-CE1F-49EC-AE3D-475E28B594A5}.Release|Any CPU.ActiveCfg = Release|Any CPU
		{8C4C851E-CE1F-49EC-AE3D-475E28B594A5}.Release|Any CPU.Build.0 = Release|Any CPU
		{4BB2B723-01C3-491F-B4FD-9A08C44EC2E8}.Debug|Any CPU.ActiveCfg = Debug|Any CPU
		{4BB2B723-01C3-491F-B4FD-9A08C44EC2E8}.Debug|Any CPU.Build.0 = Debug|Any CPU
		{4BB2B723-01C3-491F-B4FD-9A08C44EC2E8}.Release|Any CPU.ActiveCfg = Release|Any CPU
		{4BB2B723-01C3-491F-B4FD-9A08C44EC2E8}.Release|Any CPU.Build.0 = Release|Any CPU
		{E20287EB-4D26-4B43-87C8-8CD95AA3E6CD}.Debug|Any CPU.ActiveCfg = Debug|Any CPU
		{E20287EB-4D26-4B43-87C8-8CD95AA3E6CD}.Debug|Any CPU.Build.0 = Debug|Any CPU
		{E20287EB-4D26-4B43-87C8-8CD95AA3E6CD}.Release|Any CPU.ActiveCfg = Release|Any CPU
		{E20287EB-4D26-4B43-87C8-8CD95AA3E6CD}.Release|Any CPU.Build.0 = Release|Any CPU
		{03C791F4-0FE0-4737-9225-291A81AC85E7}.Debug|Any CPU.ActiveCfg = Debug|Any CPU
		{03C791F4-0FE0-4737-9225-291A81AC85E7}.Debug|Any CPU.Build.0 = Debug|Any CPU
		{03C791F4-0FE0-4737-9225-291A81AC85E7}.Release|Any CPU.ActiveCfg = Release|Any CPU
		{03C791F4-0FE0-4737-9225-291A81AC85E7}.Release|Any CPU.Build.0 = Release|Any CPU
	EndGlobalSection
	GlobalSection(SolutionProperties) = preSolution
		HideSolutionNode = FALSE
	EndGlobalSection
	GlobalSection(ExtensibilityGlobals) = postSolution
		SolutionGuid = {ABFB28B4-1A40-4092-B6C6-ACB6313AF235}
	EndGlobalSection
EndGlobal
