
Microsoft Visual Studio Solution File, Format Version 12.00
# Visual Studio Version 17
VisualStudioVersion = 17.2.32519.379
MinimumVisualStudioVersion = 10.0.40219.1
Project("{9A19103F-16F7-4668-BE54-9A1E7A4F7556}") = "P010 Metodai", "P10 Metodai\P010 Metodai.csproj", "{2DC9FF00-36AD-4ADD-824B-6088BC49A606}"
EndProject
Project("{2150E333-8FDC-42A3-9474-1A3956D46DE8}") = "Testai", "Testai", "{E906DC24-D340-4306-9A1A-A1C9D41D2A4D}"
EndProject
Project("{9A19103F-16F7-4668-BE54-9A1E7A4F7556}") = "Metodu_Testai", "P011_Metodu_Testai\Metodu_Testai.csproj", "{57DBF8CA-C87A-4E18-B5E5-B4A3EE0E2999}"
EndProject
Project("{9A19103F-16F7-4668-BE54-9A1E7A4F7556}") = "P014 Debuginimas", "P014 Debuginimas\P014 Debuginimas.csproj", "{753701B4-2099-47DB-827B-C222F8BA420B}"
EndProject
Project("{9A19103F-16F7-4668-BE54-9A1E7A4F7556}") = "P015 WhileDoCiklai", "P015 WhileDoCiklai\P015 WhileDoCiklai.csproj", "{37692106-1CC8-4FEB-BBCE-CDCB63E40961}"
EndProject
Project("{9A19103F-16F7-4668-BE54-9A1E7A4F7556}") = "P016_For", "P016_For\P016_For.csproj", "{152C6E00-1C79-41B7-81DB-12A7F247DD53}"
EndProject
Project("{9A19103F-16F7-4668-BE54-9A1E7A4F7556}") = "P017_ForUzduotys", "P017_ForUzduotys\P017_ForUzduotys.csproj", "{27E81DFE-E2BA-4F79-972E-AE2ABEF0F3D4}"
EndProject
Project("{9A19103F-16F7-4668-BE54-9A1E7A4F7556}") = "P017_StringBuilder", "P017_StringBuilder\P017_StringBuilder.csproj", "{84525254-133C-4B09-80AE-2A378FFC80BF}"
EndProject
Project("{9A19103F-16F7-4668-BE54-9A1E7A4F7556}") = "P018_Masyvai", "P018_Masyvai\P018_Masyvai.csproj", "{6C17378D-009D-4556-AF0B-6D143A45CAD8}"
EndProject
Project("{9A19103F-16F7-4668-BE54-9A1E7A4F7556}") = "P020_Masyvu_Kartojimas", "P020_Masyvu_Kartojimas\P020_Masyvu_Kartojimas.csproj", "{10F251E0-3990-4754-B7BA-45487CD326D1}"
EndProject
Project("{9A19103F-16F7-4668-BE54-9A1E7A4F7556}") = "P021_List", "P021_List\P021_List.csproj", "{2085FF1D-CB2C-41EE-95B1-6655CBA8DE95}"
EndProject
Project("{9A19103F-16F7-4668-BE54-9A1E7A4F7556}") = "P022_Foreach", "P022_Foreach\P022_Foreach.csproj", "{36CD73D5-78DC-47E9-BB47-BEC6893DFFB6}"
EndProject
Project("{9A19103F-16F7-4668-BE54-9A1E7A4F7556}") = "P023_Dictionaries", "P023_Dictionaries\P023_Dictionaries.csproj", "{87BC8ACC-E857-4380-A19D-53FCCA2CAC19}"
EndProject
Project("{9A19103F-16F7-4668-BE54-9A1E7A4F7556}") = "P024_Random", "P024_Random\P024_Random.csproj", "{6CC79227-6C87-4D86-ABBD-0EAFE0C729BD}"
EndProject
Project("{9A19103F-16F7-4668-BE54-9A1E7A4F7556}") = "P025_BasicKartojimas", "P025_BasicKartojimas\P025_BasicKartojimas.csproj", "{DE9E66CE-9C7D-4725-B9F2-825DC232451C}"
EndProject
Project("{9A19103F-16F7-4668-BE54-9A1E7A4F7556}") = "P009 String Manipuliacijos", "P09 String Manipuliacijos\P009 String Manipuliacijos.csproj", "{CC337AFA-85AD-426F-BA92-368C35EA0BAD}"
EndProject
Project("{9A19103F-16F7-4668-BE54-9A1E7A4F7556}") = "P001 Ivadas", "P01 ivadas\P001 Ivadas.csproj", "{5D31ADED-4475-451F-9ABA-6E6DD9ACB06B}"
EndProject
Project("{9A19103F-16F7-4668-BE54-9A1E7A4F7556}") = "P002 Consoles uzduotys", "P02 Consoles uzduotys\P002 Consoles uzduotys.csproj", "{981DC7BA-7F7A-4C64-BA4F-48A73145B54E}"
EndProject
Project("{9A19103F-16F7-4668-BE54-9A1E7A4F7556}") = "P002 Komentavimas", "P02 komentavimas\P002 Komentavimas.csproj", "{478349DA-20EF-4C80-9924-AC2082DE7874}"
EndProject
Project("{9A19103F-16F7-4668-BE54-9A1E7A4F7556}") = "P002 Stringai kintamieji", "p02 sTRINGAI kintamieji\P002 Stringai kintamieji.csproj", "{1A288BD8-2896-4B10-9167-A54FF4F460FE}"
EndProject
Project("{9A19103F-16F7-4668-BE54-9A1E7A4F7556}") = "P003 kintamieji", "P03 kintamieji\P003 kintamieji.csproj", "{C4EB9178-D297-460A-B94C-4301D8F2083B}"
EndProject
Project("{9A19103F-16F7-4668-BE54-9A1E7A4F7556}") = "P003 kintamieji uzduotys", "P03 kintamieji uzduotys\P003 kintamieji uzduotys.csproj", "{8E004CD3-7631-41D8-A300-51D73FA40E3E}"
EndProject
Project("{9A19103F-16F7-4668-BE54-9A1E7A4F7556}") = "P004 Tipu konversijos", "P04 Tipu konversijos\P004 Tipu konversijos.csproj", "{9282CB47-1C7E-4F29-960C-A71B9C64513E}"
EndProject
Project("{9A19103F-16F7-4668-BE54-9A1E7A4F7556}") = "P005 Operatoriai", "P05 operatoriai\P005 Operatoriai.csproj", "{42EB8D11-9FF2-400D-B1F3-C3C117796679}"
EndProject
Project("{9A19103F-16F7-4668-BE54-9A1E7A4F7556}") = "P006 Loginiai operatoriai", "P06 Loginiai operatoriai\P006 Loginiai operatoriai.csproj", "{94992001-436D-4DA9-B1F1-3AACB0E3BBF3}"
EndProject
Project("{9A19103F-16F7-4668-BE54-9A1E7A4F7556}") = "P007 IF uzdaviniai", "P07 IF uzdaviniai\P007 IF uzdaviniai.csproj", "{8BBEF58E-EDF7-4246-B82D-CCA6698C6C5F}"
EndProject
Project("{9A19103F-16F7-4668-BE54-9A1E7A4F7556}") = "P008 Switch", "P08 Switch\P008 Switch.csproj", "{1654E214-A9CC-4FBE-BD04-4533ABD30EAF}"
EndProject
Project("{9A19103F-16F7-4668-BE54-9A1E7A4F7556}") = "P004 Matematikos operatoriai", "P04 Matematikos operatoriai\P004 Matematikos operatoriai.csproj", "{776DBEF3-8567-4AE9-938C-BF7827C4730F}"
EndProject
Project("{9A19103F-16F7-4668-BE54-9A1E7A4F7556}") = "P004 Matematines uzduotys", "P04 matematines uzduotys\P004 Matematines uzduotys.csproj", "{F1F00FBA-24F3-4B0C-BCF3-A723C5504DFB}"
EndProject
Project("{9A19103F-16F7-4668-BE54-9A1E7A4F7556}") = "P007 IF", "P07 IF\P007 IF.csproj", "{3D0B7A10-B8AB-4AF0-BF15-79D94CD71972}"
EndProject
Project("{9A19103F-16F7-4668-BE54-9A1E7A4F7556}") = "HW 0 Hanoi", "HW 0 Hanoi\HW 0 Hanoi.csproj", "{35A24A96-0419-4531-947E-32956E011174}"
EndProject
Project("{9A19103F-16F7-4668-BE54-9A1E7A4F7556}") = "HW 1 Termometras", "HW 1 Termometras\HW 1 Termometras.csproj", "{B55C31BB-C00B-448F-89C8-B2715A7270B0}"
EndProject
Project("{9A19103F-16F7-4668-BE54-9A1E7A4F7556}") = "HW 2 Kelias", "HW 2 Kelias\HW 2 Kelias.csproj", "{F0DC4DEF-952B-4DFE-A39D-24B2ED14E5C3}"
EndProject
Project("{9A19103F-16F7-4668-BE54-9A1E7A4F7556}") = "HW 3 DNR", "HW 3 DNR\HW 3 DNR.csproj", "{DD1A6358-E887-463A-BED0-B937DD4230E0}"
EndProject
Project("{9A19103F-16F7-4668-BE54-9A1E7A4F7556}") = "HW 4 Reg Forma", "HW 4 Reg Forma\HW 4 Reg Forma.csproj", "{E8DDA8EA-8704-4D54-9AD9-22D85DB58201}"
EndProject
Project("{9A19103F-16F7-4668-BE54-9A1E7A4F7556}") = "HW 6 SuperSkaiciuotuvas", "HW 6 SuperSkaiciuotuvas\HW 6 SuperSkaiciuotuvas.csproj", "{262124A5-4A1B-4C9A-BC94-0DC629BD7136}"
EndProject
Project("{9A19103F-16F7-4668-BE54-9A1E7A4F7556}") = "HW 7 Kartuves HangMan", "HW 7  HangMan\HW 7 Kartuves HangMan.csproj", "{DE8D1E81-D79A-4A3C-81F8-C19D51A9873D}"
EndProject
Project("{9A19103F-16F7-4668-BE54-9A1E7A4F7556}") = "HW 5 Skaiciuotuvas", "HW 5 Skaiciuotuvas\HW 5 Skaiciuotuvas.csproj", "{5576FA61-328F-40EC-B9BC-91541FEC6BCA}"
EndProject
Project("{2150E333-8FDC-42A3-9474-1A3956D46DE8}") = "HW", "HW", "{77300F41-2161-4931-B589-3E55BD97CEA6}"
EndProject
Project("{2150E333-8FDC-42A3-9474-1A3956D46DE8}") = "OOP", "OOP", "{55CA1FC5-FFC5-494D-AB0B-3A0F60D3BA9F}"
EndProject
Project("{9A19103F-16F7-4668-BE54-9A1E7A4F7556}") = "P029_ObjektinisProgramavimas", "P001_ObjektinisProgramavimas\P029_ObjektinisProgramavimas.csproj", "{8FD692B8-8760-4244-9E3C-E8CBE9FB82FE}"
EndProject
Project("{FAE04EC0-301F-11D3-BF4B-00C04F79EFBC}") = "P030_OopKompozicija", "P030_OopKompozicija\P030_OopKompozicija.csproj", "{B62BBA9F-758C-4290-B5DE-B24679518CAE}"
EndProject
Global
	GlobalSection(SolutionConfigurationPlatforms) = preSolution
		Debug|Any CPU = Debug|Any CPU
		Release|Any CPU = Release|Any CPU
	EndGlobalSection
	GlobalSection(ProjectConfigurationPlatforms) = postSolution
		{2DC9FF00-36AD-4ADD-824B-6088BC49A606}.Debug|Any CPU.ActiveCfg = Debug|Any CPU
		{2DC9FF00-36AD-4ADD-824B-6088BC49A606}.Debug|Any CPU.Build.0 = Debug|Any CPU
		{2DC9FF00-36AD-4ADD-824B-6088BC49A606}.Release|Any CPU.ActiveCfg = Release|Any CPU
		{2DC9FF00-36AD-4ADD-824B-6088BC49A606}.Release|Any CPU.Build.0 = Release|Any CPU
		{57DBF8CA-C87A-4E18-B5E5-B4A3EE0E2999}.Debug|Any CPU.ActiveCfg = Debug|Any CPU
		{57DBF8CA-C87A-4E18-B5E5-B4A3EE0E2999}.Debug|Any CPU.Build.0 = Debug|Any CPU
		{57DBF8CA-C87A-4E18-B5E5-B4A3EE0E2999}.Release|Any CPU.ActiveCfg = Release|Any CPU
		{57DBF8CA-C87A-4E18-B5E5-B4A3EE0E2999}.Release|Any CPU.Build.0 = Release|Any CPU
		{753701B4-2099-47DB-827B-C222F8BA420B}.Debug|Any CPU.ActiveCfg = Debug|Any CPU
		{753701B4-2099-47DB-827B-C222F8BA420B}.Debug|Any CPU.Build.0 = Debug|Any CPU
		{753701B4-2099-47DB-827B-C222F8BA420B}.Release|Any CPU.ActiveCfg = Release|Any CPU
		{753701B4-2099-47DB-827B-C222F8BA420B}.Release|Any CPU.Build.0 = Release|Any CPU
		{37692106-1CC8-4FEB-BBCE-CDCB63E40961}.Debug|Any CPU.ActiveCfg = Debug|Any CPU
		{37692106-1CC8-4FEB-BBCE-CDCB63E40961}.Debug|Any CPU.Build.0 = Debug|Any CPU
		{37692106-1CC8-4FEB-BBCE-CDCB63E40961}.Release|Any CPU.ActiveCfg = Release|Any CPU
		{37692106-1CC8-4FEB-BBCE-CDCB63E40961}.Release|Any CPU.Build.0 = Release|Any CPU
		{152C6E00-1C79-41B7-81DB-12A7F247DD53}.Debug|Any CPU.ActiveCfg = Debug|Any CPU
		{152C6E00-1C79-41B7-81DB-12A7F247DD53}.Debug|Any CPU.Build.0 = Debug|Any CPU
		{152C6E00-1C79-41B7-81DB-12A7F247DD53}.Release|Any CPU.ActiveCfg = Release|Any CPU
		{152C6E00-1C79-41B7-81DB-12A7F247DD53}.Release|Any CPU.Build.0 = Release|Any CPU
		{27E81DFE-E2BA-4F79-972E-AE2ABEF0F3D4}.Debug|Any CPU.ActiveCfg = Debug|Any CPU
		{27E81DFE-E2BA-4F79-972E-AE2ABEF0F3D4}.Debug|Any CPU.Build.0 = Debug|Any CPU
		{27E81DFE-E2BA-4F79-972E-AE2ABEF0F3D4}.Release|Any CPU.ActiveCfg = Release|Any CPU
		{27E81DFE-E2BA-4F79-972E-AE2ABEF0F3D4}.Release|Any CPU.Build.0 = Release|Any CPU
		{84525254-133C-4B09-80AE-2A378FFC80BF}.Debug|Any CPU.ActiveCfg = Debug|Any CPU
		{84525254-133C-4B09-80AE-2A378FFC80BF}.Debug|Any CPU.Build.0 = Debug|Any CPU
		{84525254-133C-4B09-80AE-2A378FFC80BF}.Release|Any CPU.ActiveCfg = Release|Any CPU
		{84525254-133C-4B09-80AE-2A378FFC80BF}.Release|Any CPU.Build.0 = Release|Any CPU
		{6C17378D-009D-4556-AF0B-6D143A45CAD8}.Debug|Any CPU.ActiveCfg = Debug|Any CPU
		{6C17378D-009D-4556-AF0B-6D143A45CAD8}.Debug|Any CPU.Build.0 = Debug|Any CPU
		{6C17378D-009D-4556-AF0B-6D143A45CAD8}.Release|Any CPU.ActiveCfg = Release|Any CPU
		{6C17378D-009D-4556-AF0B-6D143A45CAD8}.Release|Any CPU.Build.0 = Release|Any CPU
		{10F251E0-3990-4754-B7BA-45487CD326D1}.Debug|Any CPU.ActiveCfg = Debug|Any CPU
		{10F251E0-3990-4754-B7BA-45487CD326D1}.Debug|Any CPU.Build.0 = Debug|Any CPU
		{10F251E0-3990-4754-B7BA-45487CD326D1}.Release|Any CPU.ActiveCfg = Release|Any CPU
		{10F251E0-3990-4754-B7BA-45487CD326D1}.Release|Any CPU.Build.0 = Release|Any CPU
		{2085FF1D-CB2C-41EE-95B1-6655CBA8DE95}.Debug|Any CPU.ActiveCfg = Debug|Any CPU
		{2085FF1D-CB2C-41EE-95B1-6655CBA8DE95}.Debug|Any CPU.Build.0 = Debug|Any CPU
		{2085FF1D-CB2C-41EE-95B1-6655CBA8DE95}.Release|Any CPU.ActiveCfg = Release|Any CPU
		{2085FF1D-CB2C-41EE-95B1-6655CBA8DE95}.Release|Any CPU.Build.0 = Release|Any CPU
		{36CD73D5-78DC-47E9-BB47-BEC6893DFFB6}.Debug|Any CPU.ActiveCfg = Debug|Any CPU
		{36CD73D5-78DC-47E9-BB47-BEC6893DFFB6}.Debug|Any CPU.Build.0 = Debug|Any CPU
		{36CD73D5-78DC-47E9-BB47-BEC6893DFFB6}.Release|Any CPU.ActiveCfg = Release|Any CPU
		{36CD73D5-78DC-47E9-BB47-BEC6893DFFB6}.Release|Any CPU.Build.0 = Release|Any CPU
		{87BC8ACC-E857-4380-A19D-53FCCA2CAC19}.Debug|Any CPU.ActiveCfg = Debug|Any CPU
		{87BC8ACC-E857-4380-A19D-53FCCA2CAC19}.Debug|Any CPU.Build.0 = Debug|Any CPU
		{87BC8ACC-E857-4380-A19D-53FCCA2CAC19}.Release|Any CPU.ActiveCfg = Release|Any CPU
		{87BC8ACC-E857-4380-A19D-53FCCA2CAC19}.Release|Any CPU.Build.0 = Release|Any CPU
		{6CC79227-6C87-4D86-ABBD-0EAFE0C729BD}.Debug|Any CPU.ActiveCfg = Debug|Any CPU
		{6CC79227-6C87-4D86-ABBD-0EAFE0C729BD}.Debug|Any CPU.Build.0 = Debug|Any CPU
		{6CC79227-6C87-4D86-ABBD-0EAFE0C729BD}.Release|Any CPU.ActiveCfg = Release|Any CPU
		{6CC79227-6C87-4D86-ABBD-0EAFE0C729BD}.Release|Any CPU.Build.0 = Release|Any CPU
		{DE9E66CE-9C7D-4725-B9F2-825DC232451C}.Debug|Any CPU.ActiveCfg = Debug|Any CPU
		{DE9E66CE-9C7D-4725-B9F2-825DC232451C}.Debug|Any CPU.Build.0 = Debug|Any CPU
		{DE9E66CE-9C7D-4725-B9F2-825DC232451C}.Release|Any CPU.ActiveCfg = Release|Any CPU
		{DE9E66CE-9C7D-4725-B9F2-825DC232451C}.Release|Any CPU.Build.0 = Release|Any CPU
		{CC337AFA-85AD-426F-BA92-368C35EA0BAD}.Debug|Any CPU.ActiveCfg = Debug|Any CPU
		{CC337AFA-85AD-426F-BA92-368C35EA0BAD}.Debug|Any CPU.Build.0 = Debug|Any CPU
		{CC337AFA-85AD-426F-BA92-368C35EA0BAD}.Release|Any CPU.ActiveCfg = Release|Any CPU
		{CC337AFA-85AD-426F-BA92-368C35EA0BAD}.Release|Any CPU.Build.0 = Release|Any CPU
		{5D31ADED-4475-451F-9ABA-6E6DD9ACB06B}.Debug|Any CPU.ActiveCfg = Debug|Any CPU
		{5D31ADED-4475-451F-9ABA-6E6DD9ACB06B}.Debug|Any CPU.Build.0 = Debug|Any CPU
		{5D31ADED-4475-451F-9ABA-6E6DD9ACB06B}.Release|Any CPU.ActiveCfg = Release|Any CPU
		{5D31ADED-4475-451F-9ABA-6E6DD9ACB06B}.Release|Any CPU.Build.0 = Release|Any CPU
		{981DC7BA-7F7A-4C64-BA4F-48A73145B54E}.Debug|Any CPU.ActiveCfg = Debug|Any CPU
		{981DC7BA-7F7A-4C64-BA4F-48A73145B54E}.Debug|Any CPU.Build.0 = Debug|Any CPU
		{981DC7BA-7F7A-4C64-BA4F-48A73145B54E}.Release|Any CPU.ActiveCfg = Release|Any CPU
		{981DC7BA-7F7A-4C64-BA4F-48A73145B54E}.Release|Any CPU.Build.0 = Release|Any CPU
		{478349DA-20EF-4C80-9924-AC2082DE7874}.Debug|Any CPU.ActiveCfg = Debug|Any CPU
		{478349DA-20EF-4C80-9924-AC2082DE7874}.Debug|Any CPU.Build.0 = Debug|Any CPU
		{478349DA-20EF-4C80-9924-AC2082DE7874}.Release|Any CPU.ActiveCfg = Release|Any CPU
		{478349DA-20EF-4C80-9924-AC2082DE7874}.Release|Any CPU.Build.0 = Release|Any CPU
		{1A288BD8-2896-4B10-9167-A54FF4F460FE}.Debug|Any CPU.ActiveCfg = Debug|Any CPU
		{1A288BD8-2896-4B10-9167-A54FF4F460FE}.Debug|Any CPU.Build.0 = Debug|Any CPU
		{1A288BD8-2896-4B10-9167-A54FF4F460FE}.Release|Any CPU.ActiveCfg = Release|Any CPU
		{1A288BD8-2896-4B10-9167-A54FF4F460FE}.Release|Any CPU.Build.0 = Release|Any CPU
		{C4EB9178-D297-460A-B94C-4301D8F2083B}.Debug|Any CPU.ActiveCfg = Debug|Any CPU
		{C4EB9178-D297-460A-B94C-4301D8F2083B}.Debug|Any CPU.Build.0 = Debug|Any CPU
		{C4EB9178-D297-460A-B94C-4301D8F2083B}.Release|Any CPU.ActiveCfg = Release|Any CPU
		{C4EB9178-D297-460A-B94C-4301D8F2083B}.Release|Any CPU.Build.0 = Release|Any CPU
		{8E004CD3-7631-41D8-A300-51D73FA40E3E}.Debug|Any CPU.ActiveCfg = Debug|Any CPU
		{8E004CD3-7631-41D8-A300-51D73FA40E3E}.Debug|Any CPU.Build.0 = Debug|Any CPU
		{8E004CD3-7631-41D8-A300-51D73FA40E3E}.Release|Any CPU.ActiveCfg = Release|Any CPU
		{8E004CD3-7631-41D8-A300-51D73FA40E3E}.Release|Any CPU.Build.0 = Release|Any CPU
		{9282CB47-1C7E-4F29-960C-A71B9C64513E}.Debug|Any CPU.ActiveCfg = Debug|Any CPU
		{9282CB47-1C7E-4F29-960C-A71B9C64513E}.Debug|Any CPU.Build.0 = Debug|Any CPU
		{9282CB47-1C7E-4F29-960C-A71B9C64513E}.Release|Any CPU.ActiveCfg = Release|Any CPU
		{9282CB47-1C7E-4F29-960C-A71B9C64513E}.Release|Any CPU.Build.0 = Release|Any CPU
		{42EB8D11-9FF2-400D-B1F3-C3C117796679}.Debug|Any CPU.ActiveCfg = Debug|Any CPU
		{42EB8D11-9FF2-400D-B1F3-C3C117796679}.Debug|Any CPU.Build.0 = Debug|Any CPU
		{42EB8D11-9FF2-400D-B1F3-C3C117796679}.Release|Any CPU.ActiveCfg = Release|Any CPU
		{42EB8D11-9FF2-400D-B1F3-C3C117796679}.Release|Any CPU.Build.0 = Release|Any CPU
		{94992001-436D-4DA9-B1F1-3AACB0E3BBF3}.Debug|Any CPU.ActiveCfg = Debug|Any CPU
		{94992001-436D-4DA9-B1F1-3AACB0E3BBF3}.Debug|Any CPU.Build.0 = Debug|Any CPU
		{94992001-436D-4DA9-B1F1-3AACB0E3BBF3}.Release|Any CPU.ActiveCfg = Release|Any CPU
		{94992001-436D-4DA9-B1F1-3AACB0E3BBF3}.Release|Any CPU.Build.0 = Release|Any CPU
		{8BBEF58E-EDF7-4246-B82D-CCA6698C6C5F}.Debug|Any CPU.ActiveCfg = Debug|Any CPU
		{8BBEF58E-EDF7-4246-B82D-CCA6698C6C5F}.Debug|Any CPU.Build.0 = Debug|Any CPU
		{8BBEF58E-EDF7-4246-B82D-CCA6698C6C5F}.Release|Any CPU.ActiveCfg = Release|Any CPU
		{8BBEF58E-EDF7-4246-B82D-CCA6698C6C5F}.Release|Any CPU.Build.0 = Release|Any CPU
		{1654E214-A9CC-4FBE-BD04-4533ABD30EAF}.Debug|Any CPU.ActiveCfg = Debug|Any CPU
		{1654E214-A9CC-4FBE-BD04-4533ABD30EAF}.Debug|Any CPU.Build.0 = Debug|Any CPU
		{1654E214-A9CC-4FBE-BD04-4533ABD30EAF}.Release|Any CPU.ActiveCfg = Release|Any CPU
		{1654E214-A9CC-4FBE-BD04-4533ABD30EAF}.Release|Any CPU.Build.0 = Release|Any CPU
		{776DBEF3-8567-4AE9-938C-BF7827C4730F}.Debug|Any CPU.ActiveCfg = Debug|Any CPU
		{776DBEF3-8567-4AE9-938C-BF7827C4730F}.Debug|Any CPU.Build.0 = Debug|Any CPU
		{776DBEF3-8567-4AE9-938C-BF7827C4730F}.Release|Any CPU.ActiveCfg = Release|Any CPU
		{776DBEF3-8567-4AE9-938C-BF7827C4730F}.Release|Any CPU.Build.0 = Release|Any CPU
		{F1F00FBA-24F3-4B0C-BCF3-A723C5504DFB}.Debug|Any CPU.ActiveCfg = Debug|Any CPU
		{F1F00FBA-24F3-4B0C-BCF3-A723C5504DFB}.Debug|Any CPU.Build.0 = Debug|Any CPU
		{F1F00FBA-24F3-4B0C-BCF3-A723C5504DFB}.Release|Any CPU.ActiveCfg = Release|Any CPU
		{F1F00FBA-24F3-4B0C-BCF3-A723C5504DFB}.Release|Any CPU.Build.0 = Release|Any CPU
		{3D0B7A10-B8AB-4AF0-BF15-79D94CD71972}.Debug|Any CPU.ActiveCfg = Debug|Any CPU
		{3D0B7A10-B8AB-4AF0-BF15-79D94CD71972}.Debug|Any CPU.Build.0 = Debug|Any CPU
		{3D0B7A10-B8AB-4AF0-BF15-79D94CD71972}.Release|Any CPU.ActiveCfg = Release|Any CPU
		{3D0B7A10-B8AB-4AF0-BF15-79D94CD71972}.Release|Any CPU.Build.0 = Release|Any CPU
		{35A24A96-0419-4531-947E-32956E011174}.Debug|Any CPU.ActiveCfg = Debug|Any CPU
		{35A24A96-0419-4531-947E-32956E011174}.Debug|Any CPU.Build.0 = Debug|Any CPU
		{35A24A96-0419-4531-947E-32956E011174}.Release|Any CPU.ActiveCfg = Release|Any CPU
		{35A24A96-0419-4531-947E-32956E011174}.Release|Any CPU.Build.0 = Release|Any CPU
		{B55C31BB-C00B-448F-89C8-B2715A7270B0}.Debug|Any CPU.ActiveCfg = Debug|Any CPU
		{B55C31BB-C00B-448F-89C8-B2715A7270B0}.Debug|Any CPU.Build.0 = Debug|Any CPU
		{B55C31BB-C00B-448F-89C8-B2715A7270B0}.Release|Any CPU.ActiveCfg = Release|Any CPU
		{B55C31BB-C00B-448F-89C8-B2715A7270B0}.Release|Any CPU.Build.0 = Release|Any CPU
		{F0DC4DEF-952B-4DFE-A39D-24B2ED14E5C3}.Debug|Any CPU.ActiveCfg = Debug|Any CPU
		{F0DC4DEF-952B-4DFE-A39D-24B2ED14E5C3}.Debug|Any CPU.Build.0 = Debug|Any CPU
		{F0DC4DEF-952B-4DFE-A39D-24B2ED14E5C3}.Release|Any CPU.ActiveCfg = Release|Any CPU
		{F0DC4DEF-952B-4DFE-A39D-24B2ED14E5C3}.Release|Any CPU.Build.0 = Release|Any CPU
		{DD1A6358-E887-463A-BED0-B937DD4230E0}.Debug|Any CPU.ActiveCfg = Debug|Any CPU
		{DD1A6358-E887-463A-BED0-B937DD4230E0}.Debug|Any CPU.Build.0 = Debug|Any CPU
		{DD1A6358-E887-463A-BED0-B937DD4230E0}.Release|Any CPU.ActiveCfg = Release|Any CPU
		{DD1A6358-E887-463A-BED0-B937DD4230E0}.Release|Any CPU.Build.0 = Release|Any CPU
		{E8DDA8EA-8704-4D54-9AD9-22D85DB58201}.Debug|Any CPU.ActiveCfg = Debug|Any CPU
		{E8DDA8EA-8704-4D54-9AD9-22D85DB58201}.Debug|Any CPU.Build.0 = Debug|Any CPU
		{E8DDA8EA-8704-4D54-9AD9-22D85DB58201}.Release|Any CPU.ActiveCfg = Release|Any CPU
		{E8DDA8EA-8704-4D54-9AD9-22D85DB58201}.Release|Any CPU.Build.0 = Release|Any CPU
		{262124A5-4A1B-4C9A-BC94-0DC629BD7136}.Debug|Any CPU.ActiveCfg = Debug|Any CPU
		{262124A5-4A1B-4C9A-BC94-0DC629BD7136}.Debug|Any CPU.Build.0 = Debug|Any CPU
		{262124A5-4A1B-4C9A-BC94-0DC629BD7136}.Release|Any CPU.ActiveCfg = Release|Any CPU
		{262124A5-4A1B-4C9A-BC94-0DC629BD7136}.Release|Any CPU.Build.0 = Release|Any CPU
		{DE8D1E81-D79A-4A3C-81F8-C19D51A9873D}.Debug|Any CPU.ActiveCfg = Debug|Any CPU
		{DE8D1E81-D79A-4A3C-81F8-C19D51A9873D}.Debug|Any CPU.Build.0 = Debug|Any CPU
		{DE8D1E81-D79A-4A3C-81F8-C19D51A9873D}.Release|Any CPU.ActiveCfg = Release|Any CPU
		{DE8D1E81-D79A-4A3C-81F8-C19D51A9873D}.Release|Any CPU.Build.0 = Release|Any CPU
		{5576FA61-328F-40EC-B9BC-91541FEC6BCA}.Debug|Any CPU.ActiveCfg = Debug|Any CPU
		{5576FA61-328F-40EC-B9BC-91541FEC6BCA}.Debug|Any CPU.Build.0 = Debug|Any CPU
		{5576FA61-328F-40EC-B9BC-91541FEC6BCA}.Release|Any CPU.ActiveCfg = Release|Any CPU
		{5576FA61-328F-40EC-B9BC-91541FEC6BCA}.Release|Any CPU.Build.0 = Release|Any CPU
		{8FD692B8-8760-4244-9E3C-E8CBE9FB82FE}.Debug|Any CPU.ActiveCfg = Debug|Any CPU
		{8FD692B8-8760-4244-9E3C-E8CBE9FB82FE}.Debug|Any CPU.Build.0 = Debug|Any CPU
		{8FD692B8-8760-4244-9E3C-E8CBE9FB82FE}.Release|Any CPU.ActiveCfg = Release|Any CPU
		{8FD692B8-8760-4244-9E3C-E8CBE9FB82FE}.Release|Any CPU.Build.0 = Release|Any CPU
		{B62BBA9F-758C-4290-B5DE-B24679518CAE}.Debug|Any CPU.ActiveCfg = Debug|Any CPU
		{B62BBA9F-758C-4290-B5DE-B24679518CAE}.Debug|Any CPU.Build.0 = Debug|Any CPU
		{B62BBA9F-758C-4290-B5DE-B24679518CAE}.Release|Any CPU.ActiveCfg = Release|Any CPU
		{B62BBA9F-758C-4290-B5DE-B24679518CAE}.Release|Any CPU.Build.0 = Release|Any CPU
	EndGlobalSection
	GlobalSection(SolutionProperties) = preSolution
		HideSolutionNode = FALSE
	EndGlobalSection
	GlobalSection(NestedProjects) = preSolution
		{57DBF8CA-C87A-4E18-B5E5-B4A3EE0E2999} = {E906DC24-D340-4306-9A1A-A1C9D41D2A4D}
		{35A24A96-0419-4531-947E-32956E011174} = {77300F41-2161-4931-B589-3E55BD97CEA6}
		{B55C31BB-C00B-448F-89C8-B2715A7270B0} = {77300F41-2161-4931-B589-3E55BD97CEA6}
		{F0DC4DEF-952B-4DFE-A39D-24B2ED14E5C3} = {77300F41-2161-4931-B589-3E55BD97CEA6}
		{DD1A6358-E887-463A-BED0-B937DD4230E0} = {77300F41-2161-4931-B589-3E55BD97CEA6}
		{E8DDA8EA-8704-4D54-9AD9-22D85DB58201} = {77300F41-2161-4931-B589-3E55BD97CEA6}
		{262124A5-4A1B-4C9A-BC94-0DC629BD7136} = {77300F41-2161-4931-B589-3E55BD97CEA6}
		{DE8D1E81-D79A-4A3C-81F8-C19D51A9873D} = {77300F41-2161-4931-B589-3E55BD97CEA6}
		{5576FA61-328F-40EC-B9BC-91541FEC6BCA} = {77300F41-2161-4931-B589-3E55BD97CEA6}
		{8FD692B8-8760-4244-9E3C-E8CBE9FB82FE} = {55CA1FC5-FFC5-494D-AB0B-3A0F60D3BA9F}
		{B62BBA9F-758C-4290-B5DE-B24679518CAE} = {55CA1FC5-FFC5-494D-AB0B-3A0F60D3BA9F}
	EndGlobalSection
	GlobalSection(ExtensibilityGlobals) = postSolution
		SolutionGuid = {ABFB28B4-1A40-4092-B6C6-ACB6313AF235}
	EndGlobalSection
EndGlobal
