
Microsoft Visual Studio Solution File, Format Version 12.00
# Visual Studio Version 17
VisualStudioVersion = 17.2.32519.379
MinimumVisualStudioVersion = 10.0.40219.1
Project("{9A19103F-16F7-4668-BE54-9A1E7A4F7556}") = "P002 Stringai kintamieji", "p2 sTRINGAI kintamieji\P002 Stringai kintamieji.csproj", "{BCAB8984-8561-4393-8A49-6092ED50B5E5}"
EndProject
Project("{9A19103F-16F7-4668-BE54-9A1E7A4F7556}") = "SNamu darbai V001 Hanoi", "namu darbai V001\SNamu darbai V001 Hanoi.csproj", "{23181AB2-2595-44C5-A905-557BCA375616}"
EndProject
Project("{9A19103F-16F7-4668-BE54-9A1E7A4F7556}") = "P004 Tipu konversijos", "P4 Tipu konversijos\P004 Tipu konversijos.csproj", "{8B1E0C8A-DA0E-450E-B8F1-E575DA842538}"
EndProject
Project("{9A19103F-16F7-4668-BE54-9A1E7A4F7556}") = "P004 Matematikos operatoriai", "P4 Matematikos operatoriai\P004 Matematikos operatoriai.csproj", "{35C70C34-C377-41AB-9694-322917DD99F5}"
EndProject
Project("{9A19103F-16F7-4668-BE54-9A1E7A4F7556}") = "P005 Operatoriai", "P5 operatoriai\P005 Operatoriai.csproj", "{1BDC9721-A2E5-444C-9A57-E748CF04CC7D}"
EndProject
Project("{9A19103F-16F7-4668-BE54-9A1E7A4F7556}") = "P004 Matematines uzduotys", "P4 matematines uzduotys\P004 Matematines uzduotys.csproj", "{E03DD2CC-091A-4187-B5E5-33BEFA81D4CE}"
EndProject
Project("{9A19103F-16F7-4668-BE54-9A1E7A4F7556}") = "P006 Loginiai operatoriai", "P6 Loginiai operatoriai\P006 Loginiai operatoriai.csproj", "{A50B16B1-C41A-4370-BED9-ACB7115C2F7B}"
EndProject
Project("{9A19103F-16F7-4668-BE54-9A1E7A4F7556}") = "SavarDrbV02Kelias", "SavarankiskasDarbasV02K\SavarDrbV02Kelias.csproj", "{074146E0-B156-4E1D-AB9B-C50820C5C772}"
EndProject
Project("{9A19103F-16F7-4668-BE54-9A1E7A4F7556}") = "P003 kintamieji uzduotys", "P3 kintamieji uzduotys\P003 kintamieji uzduotys.csproj", "{B4A5401B-0234-4441-BF7F-95AE4BD30E7C}"
EndProject
Project("{9A19103F-16F7-4668-BE54-9A1E7A4F7556}") = "P003 kintamieji", "P3 kintamieji\P003 kintamieji.csproj", "{7704702B-3EBB-47B0-AEA6-3E163EEC7A1C}"
EndProject
Project("{9A19103F-16F7-4668-BE54-9A1E7A4F7556}") = "P002 Komentavimas", "P2 komentavimas\P002 Komentavimas.csproj", "{F0221150-770D-41D5-B191-FEBB00B755E9}"
EndProject
Project("{9A19103F-16F7-4668-BE54-9A1E7A4F7556}") = "P001 Ivadas", "P1 ivadas\P001 Ivadas.csproj", "{3E3424D5-0EA1-44FB-8407-54E83EE6E576}"
EndProject
Project("{9A19103F-16F7-4668-BE54-9A1E7A4F7556}") = "P002 Consoles uzduotys", "P2 Consoles uzduotys\P002 Consoles uzduotys.csproj", "{92D9E3FF-5A3C-482A-8C83-0B872102CE9A}"
EndProject
Project("{9A19103F-16F7-4668-BE54-9A1E7A4F7556}") = "savarDrbV02Termometras", "savarankiskasDarbasV02T\savarDrbV02Termometras.csproj", "{C791CD7B-EA60-483E-9648-0E834762CD9D}"
EndProject
Project("{9A19103F-16F7-4668-BE54-9A1E7A4F7556}") = "P007 IF", "P7 IF\P007 IF.csproj", "{935AF535-513C-49FC-8BCF-7C2EDCF28703}"
EndProject
Project("{9A19103F-16F7-4668-BE54-9A1E7A4F7556}") = "P007 IF uzdaviniai", "P7 IF uzdaviniai\P007 IF uzdaviniai.csproj", "{8C4C851E-CE1F-49EC-AE3D-475E28B594A5}"
EndProject
Project("{9A19103F-16F7-4668-BE54-9A1E7A4F7556}") = "P008 Switch", "P8 Switch\P008 Switch.csproj", "{4BB2B723-01C3-491F-B4FD-9A08C44EC2E8}"
EndProject
Project("{9A19103F-16F7-4668-BE54-9A1E7A4F7556}") = "P009 String Manipuliacijos", "P9 String Manipuliacijos\P009 String Manipuliacijos.csproj", "{E20287EB-4D26-4B43-87C8-8CD95AA3E6CD}"
EndProject
Project("{9A19103F-16F7-4668-BE54-9A1E7A4F7556}") = "SNamu darbai V201 Reg Forma", "Namu darbai V201\SNamu darbai V201 Reg Forma.csproj", "{03C791F4-0FE0-4737-9225-291A81AC85E7}"
EndProject
Project("{9A19103F-16F7-4668-BE54-9A1E7A4F7556}") = "P010 Metodai", "P10 Metodai\P010 Metodai.csproj", "{2DC9FF00-36AD-4ADD-824B-6088BC49A606}"
EndProject
Project("{2150E333-8FDC-42A3-9474-1A3956D46DE8}") = "Testai", "Testai", "{E906DC24-D340-4306-9A1A-A1C9D41D2A4D}"
EndProject
Project("{9A19103F-16F7-4668-BE54-9A1E7A4F7556}") = "Metodu_Testai", "P011_Metodu_Testai\Metodu_Testai.csproj", "{57DBF8CA-C87A-4E18-B5E5-B4A3EE0E2999}"
EndProject
Project("{9A19103F-16F7-4668-BE54-9A1E7A4F7556}") = "Belenkas1", "Belenkas1\Belenkas1.csproj", "{AA91DC78-70A5-4364-A72F-D6E426496CBA}"
EndProject
Project("{9A19103F-16F7-4668-BE54-9A1E7A4F7556}") = "P014 Debuginimas", "P014 Debuginimas\P014 Debuginimas.csproj", "{753701B4-2099-47DB-827B-C222F8BA420B}"
EndProject
Project("{9A19103F-16F7-4668-BE54-9A1E7A4F7556}") = "SavarDrbV03DNR", "SavarDrbV03DNR\SavarDrbV03DNR.csproj", "{AB41A689-47E5-4467-892B-92F37789E7F5}"
EndProject
Project("{9A19103F-16F7-4668-BE54-9A1E7A4F7556}") = "P015 WhileDoCiklai", "P015 WhileDoCiklai\P015 WhileDoCiklai.csproj", "{37692106-1CC8-4FEB-BBCE-CDCB63E40961}"
EndProject
Project("{9A19103F-16F7-4668-BE54-9A1E7A4F7556}") = "P016_For", "P016_For\P016_For.csproj", "{152C6E00-1C79-41B7-81DB-12A7F247DD53}"
EndProject
Project("{9A19103F-16F7-4668-BE54-9A1E7A4F7556}") = "P017_ForUzduotys", "P017_ForUzduotys\P017_ForUzduotys.csproj", "{27E81DFE-E2BA-4F79-972E-AE2ABEF0F3D4}"
EndProject
Project("{9A19103F-16F7-4668-BE54-9A1E7A4F7556}") = "P017_StringBuilder", "P017_StringBuilder\P017_StringBuilder.csproj", "{84525254-133C-4B09-80AE-2A378FFC80BF}"
EndProject
Project("{9A19103F-16F7-4668-BE54-9A1E7A4F7556}") = "SNamuDarbasSkaiciuotuvas", "NamuDarbasSkaiciuotuvas\SNamuDarbasSkaiciuotuvas.csproj", "{3FEFF536-6F35-48B7-BA7A-4CDBFE159B09}"
EndProject
Project("{9A19103F-16F7-4668-BE54-9A1E7A4F7556}") = "P018_Masyvai", "P018_Masyvai\P018_Masyvai.csproj", "{6C17378D-009D-4556-AF0B-6D143A45CAD8}"
EndProject
Project("{9A19103F-16F7-4668-BE54-9A1E7A4F7556}") = "P020_Masyvu_Kartojimas", "P020_Masyvu_Kartojimas\P020_Masyvu_Kartojimas.csproj", "{10F251E0-3990-4754-B7BA-45487CD326D1}"
EndProject
Project("{9A19103F-16F7-4668-BE54-9A1E7A4F7556}") = "P021_List", "P021_List\P021_List.csproj", "{2085FF1D-CB2C-41EE-95B1-6655CBA8DE95}"
EndProject
Project("{9A19103F-16F7-4668-BE54-9A1E7A4F7556}") = "P022_Foreach", "P022_Foreach\P022_Foreach.csproj", "{36CD73D5-78DC-47E9-BB47-BEC6893DFFB6}"
EndProject
Project("{9A19103F-16F7-4668-BE54-9A1E7A4F7556}") = "SavNamuDarbasSuperSkaiciuotuvas", "SavNamuDarbasSuperSkaiciuotuvas\SavNamuDarbasSuperSkaiciuotuvas.csproj", "{50BB9515-DD4D-469E-AF0B-23FB991762B1}"
EndProject
Project("{FAE04EC0-301F-11D3-BF4B-00C04F79EFBC}") = "P023_Dictionaries", "P023_Dictionaries\P023_Dictionaries.csproj", "{87BC8ACC-E857-4380-A19D-53FCCA2CAC19}"
EndProject
Global
	GlobalSection(SolutionConfigurationPlatforms) = preSolution
		Debug|Any CPU = Debug|Any CPU
		Release|Any CPU = Release|Any CPU
	EndGlobalSection
	GlobalSection(ProjectConfigurationPlatforms) = postSolution
		{BCAB8984-8561-4393-8A49-6092ED50B5E5}.Debug|Any CPU.ActiveCfg = Debug|Any CPU
		{BCAB8984-8561-4393-8A49-6092ED50B5E5}.Debug|Any CPU.Build.0 = Debug|Any CPU
		{BCAB8984-8561-4393-8A49-6092ED50B5E5}.Release|Any CPU.ActiveCfg = Release|Any CPU
		{BCAB8984-8561-4393-8A49-6092ED50B5E5}.Release|Any CPU.Build.0 = Release|Any CPU
		{23181AB2-2595-44C5-A905-557BCA375616}.Debug|Any CPU.ActiveCfg = Debug|Any CPU
		{23181AB2-2595-44C5-A905-557BCA375616}.Debug|Any CPU.Build.0 = Debug|Any CPU
		{23181AB2-2595-44C5-A905-557BCA375616}.Release|Any CPU.ActiveCfg = Release|Any CPU
		{23181AB2-2595-44C5-A905-557BCA375616}.Release|Any CPU.Build.0 = Release|Any CPU
		{8B1E0C8A-DA0E-450E-B8F1-E575DA842538}.Debug|Any CPU.ActiveCfg = Debug|Any CPU
		{8B1E0C8A-DA0E-450E-B8F1-E575DA842538}.Debug|Any CPU.Build.0 = Debug|Any CPU
		{8B1E0C8A-DA0E-450E-B8F1-E575DA842538}.Release|Any CPU.ActiveCfg = Release|Any CPU
		{8B1E0C8A-DA0E-450E-B8F1-E575DA842538}.Release|Any CPU.Build.0 = Release|Any CPU
		{35C70C34-C377-41AB-9694-322917DD99F5}.Debug|Any CPU.ActiveCfg = Debug|Any CPU
		{35C70C34-C377-41AB-9694-322917DD99F5}.Debug|Any CPU.Build.0 = Debug|Any CPU
		{35C70C34-C377-41AB-9694-322917DD99F5}.Release|Any CPU.ActiveCfg = Release|Any CPU
		{35C70C34-C377-41AB-9694-322917DD99F5}.Release|Any CPU.Build.0 = Release|Any CPU
		{1BDC9721-A2E5-444C-9A57-E748CF04CC7D}.Debug|Any CPU.ActiveCfg = Debug|Any CPU
		{1BDC9721-A2E5-444C-9A57-E748CF04CC7D}.Debug|Any CPU.Build.0 = Debug|Any CPU
		{1BDC9721-A2E5-444C-9A57-E748CF04CC7D}.Release|Any CPU.ActiveCfg = Release|Any CPU
		{1BDC9721-A2E5-444C-9A57-E748CF04CC7D}.Release|Any CPU.Build.0 = Release|Any CPU
		{E03DD2CC-091A-4187-B5E5-33BEFA81D4CE}.Debug|Any CPU.ActiveCfg = Debug|Any CPU
		{E03DD2CC-091A-4187-B5E5-33BEFA81D4CE}.Debug|Any CPU.Build.0 = Debug|Any CPU
		{E03DD2CC-091A-4187-B5E5-33BEFA81D4CE}.Release|Any CPU.ActiveCfg = Release|Any CPU
		{E03DD2CC-091A-4187-B5E5-33BEFA81D4CE}.Release|Any CPU.Build.0 = Release|Any CPU
		{A50B16B1-C41A-4370-BED9-ACB7115C2F7B}.Debug|Any CPU.ActiveCfg = Debug|Any CPU
		{A50B16B1-C41A-4370-BED9-ACB7115C2F7B}.Debug|Any CPU.Build.0 = Debug|Any CPU
		{A50B16B1-C41A-4370-BED9-ACB7115C2F7B}.Release|Any CPU.ActiveCfg = Release|Any CPU
		{A50B16B1-C41A-4370-BED9-ACB7115C2F7B}.Release|Any CPU.Build.0 = Release|Any CPU
		{074146E0-B156-4E1D-AB9B-C50820C5C772}.Debug|Any CPU.ActiveCfg = Debug|Any CPU
		{074146E0-B156-4E1D-AB9B-C50820C5C772}.Debug|Any CPU.Build.0 = Debug|Any CPU
		{074146E0-B156-4E1D-AB9B-C50820C5C772}.Release|Any CPU.ActiveCfg = Release|Any CPU
		{074146E0-B156-4E1D-AB9B-C50820C5C772}.Release|Any CPU.Build.0 = Release|Any CPU
		{B4A5401B-0234-4441-BF7F-95AE4BD30E7C}.Debug|Any CPU.ActiveCfg = Debug|Any CPU
		{B4A5401B-0234-4441-BF7F-95AE4BD30E7C}.Debug|Any CPU.Build.0 = Debug|Any CPU
		{B4A5401B-0234-4441-BF7F-95AE4BD30E7C}.Release|Any CPU.ActiveCfg = Release|Any CPU
		{B4A5401B-0234-4441-BF7F-95AE4BD30E7C}.Release|Any CPU.Build.0 = Release|Any CPU
		{7704702B-3EBB-47B0-AEA6-3E163EEC7A1C}.Debug|Any CPU.ActiveCfg = Debug|Any CPU
		{7704702B-3EBB-47B0-AEA6-3E163EEC7A1C}.Debug|Any CPU.Build.0 = Debug|Any CPU
		{7704702B-3EBB-47B0-AEA6-3E163EEC7A1C}.Release|Any CPU.ActiveCfg = Release|Any CPU
		{7704702B-3EBB-47B0-AEA6-3E163EEC7A1C}.Release|Any CPU.Build.0 = Release|Any CPU
		{F0221150-770D-41D5-B191-FEBB00B755E9}.Debug|Any CPU.ActiveCfg = Debug|Any CPU
		{F0221150-770D-41D5-B191-FEBB00B755E9}.Debug|Any CPU.Build.0 = Debug|Any CPU
		{F0221150-770D-41D5-B191-FEBB00B755E9}.Release|Any CPU.ActiveCfg = Release|Any CPU
		{F0221150-770D-41D5-B191-FEBB00B755E9}.Release|Any CPU.Build.0 = Release|Any CPU
		{3E3424D5-0EA1-44FB-8407-54E83EE6E576}.Debug|Any CPU.ActiveCfg = Debug|Any CPU
		{3E3424D5-0EA1-44FB-8407-54E83EE6E576}.Debug|Any CPU.Build.0 = Debug|Any CPU
		{3E3424D5-0EA1-44FB-8407-54E83EE6E576}.Release|Any CPU.ActiveCfg = Release|Any CPU
		{3E3424D5-0EA1-44FB-8407-54E83EE6E576}.Release|Any CPU.Build.0 = Release|Any CPU
		{92D9E3FF-5A3C-482A-8C83-0B872102CE9A}.Debug|Any CPU.ActiveCfg = Debug|Any CPU
		{92D9E3FF-5A3C-482A-8C83-0B872102CE9A}.Debug|Any CPU.Build.0 = Debug|Any CPU
		{92D9E3FF-5A3C-482A-8C83-0B872102CE9A}.Release|Any CPU.ActiveCfg = Release|Any CPU
		{92D9E3FF-5A3C-482A-8C83-0B872102CE9A}.Release|Any CPU.Build.0 = Release|Any CPU
		{C791CD7B-EA60-483E-9648-0E834762CD9D}.Debug|Any CPU.ActiveCfg = Debug|Any CPU
		{C791CD7B-EA60-483E-9648-0E834762CD9D}.Debug|Any CPU.Build.0 = Debug|Any CPU
		{C791CD7B-EA60-483E-9648-0E834762CD9D}.Release|Any CPU.ActiveCfg = Release|Any CPU
		{C791CD7B-EA60-483E-9648-0E834762CD9D}.Release|Any CPU.Build.0 = Release|Any CPU
		{935AF535-513C-49FC-8BCF-7C2EDCF28703}.Debug|Any CPU.ActiveCfg = Debug|Any CPU
		{935AF535-513C-49FC-8BCF-7C2EDCF28703}.Debug|Any CPU.Build.0 = Debug|Any CPU
		{935AF535-513C-49FC-8BCF-7C2EDCF28703}.Release|Any CPU.ActiveCfg = Release|Any CPU
		{935AF535-513C-49FC-8BCF-7C2EDCF28703}.Release|Any CPU.Build.0 = Release|Any CPU
		{8C4C851E-CE1F-49EC-AE3D-475E28B594A5}.Debug|Any CPU.ActiveCfg = Debug|Any CPU
		{8C4C851E-CE1F-49EC-AE3D-475E28B594A5}.Debug|Any CPU.Build.0 = Debug|Any CPU
		{8C4C851E-CE1F-49EC-AE3D-475E28B594A5}.Release|Any CPU.ActiveCfg = Release|Any CPU
		{8C4C851E-CE1F-49EC-AE3D-475E28B594A5}.Release|Any CPU.Build.0 = Release|Any CPU
		{4BB2B723-01C3-491F-B4FD-9A08C44EC2E8}.Debug|Any CPU.ActiveCfg = Debug|Any CPU
		{4BB2B723-01C3-491F-B4FD-9A08C44EC2E8}.Debug|Any CPU.Build.0 = Debug|Any CPU
		{4BB2B723-01C3-491F-B4FD-9A08C44EC2E8}.Release|Any CPU.ActiveCfg = Release|Any CPU
		{4BB2B723-01C3-491F-B4FD-9A08C44EC2E8}.Release|Any CPU.Build.0 = Release|Any CPU
		{E20287EB-4D26-4B43-87C8-8CD95AA3E6CD}.Debug|Any CPU.ActiveCfg = Debug|Any CPU
		{E20287EB-4D26-4B43-87C8-8CD95AA3E6CD}.Debug|Any CPU.Build.0 = Debug|Any CPU
		{E20287EB-4D26-4B43-87C8-8CD95AA3E6CD}.Release|Any CPU.ActiveCfg = Release|Any CPU
		{E20287EB-4D26-4B43-87C8-8CD95AA3E6CD}.Release|Any CPU.Build.0 = Release|Any CPU
		{03C791F4-0FE0-4737-9225-291A81AC85E7}.Debug|Any CPU.ActiveCfg = Debug|Any CPU
		{03C791F4-0FE0-4737-9225-291A81AC85E7}.Debug|Any CPU.Build.0 = Debug|Any CPU
		{03C791F4-0FE0-4737-9225-291A81AC85E7}.Release|Any CPU.ActiveCfg = Release|Any CPU
		{03C791F4-0FE0-4737-9225-291A81AC85E7}.Release|Any CPU.Build.0 = Release|Any CPU
		{2DC9FF00-36AD-4ADD-824B-6088BC49A606}.Debug|Any CPU.ActiveCfg = Debug|Any CPU
		{2DC9FF00-36AD-4ADD-824B-6088BC49A606}.Debug|Any CPU.Build.0 = Debug|Any CPU
		{2DC9FF00-36AD-4ADD-824B-6088BC49A606}.Release|Any CPU.ActiveCfg = Release|Any CPU
		{2DC9FF00-36AD-4ADD-824B-6088BC49A606}.Release|Any CPU.Build.0 = Release|Any CPU
		{57DBF8CA-C87A-4E18-B5E5-B4A3EE0E2999}.Debug|Any CPU.ActiveCfg = Debug|Any CPU
		{57DBF8CA-C87A-4E18-B5E5-B4A3EE0E2999}.Debug|Any CPU.Build.0 = Debug|Any CPU
		{57DBF8CA-C87A-4E18-B5E5-B4A3EE0E2999}.Release|Any CPU.ActiveCfg = Release|Any CPU
		{57DBF8CA-C87A-4E18-B5E5-B4A3EE0E2999}.Release|Any CPU.Build.0 = Release|Any CPU
		{AA91DC78-70A5-4364-A72F-D6E426496CBA}.Debug|Any CPU.ActiveCfg = Debug|Any CPU
		{AA91DC78-70A5-4364-A72F-D6E426496CBA}.Debug|Any CPU.Build.0 = Debug|Any CPU
		{AA91DC78-70A5-4364-A72F-D6E426496CBA}.Release|Any CPU.ActiveCfg = Release|Any CPU
		{AA91DC78-70A5-4364-A72F-D6E426496CBA}.Release|Any CPU.Build.0 = Release|Any CPU
		{753701B4-2099-47DB-827B-C222F8BA420B}.Debug|Any CPU.ActiveCfg = Debug|Any CPU
		{753701B4-2099-47DB-827B-C222F8BA420B}.Debug|Any CPU.Build.0 = Debug|Any CPU
		{753701B4-2099-47DB-827B-C222F8BA420B}.Release|Any CPU.ActiveCfg = Release|Any CPU
		{753701B4-2099-47DB-827B-C222F8BA420B}.Release|Any CPU.Build.0 = Release|Any CPU
		{AB41A689-47E5-4467-892B-92F37789E7F5}.Debug|Any CPU.ActiveCfg = Debug|Any CPU
		{AB41A689-47E5-4467-892B-92F37789E7F5}.Debug|Any CPU.Build.0 = Debug|Any CPU
		{AB41A689-47E5-4467-892B-92F37789E7F5}.Release|Any CPU.ActiveCfg = Release|Any CPU
		{AB41A689-47E5-4467-892B-92F37789E7F5}.Release|Any CPU.Build.0 = Release|Any CPU
		{37692106-1CC8-4FEB-BBCE-CDCB63E40961}.Debug|Any CPU.ActiveCfg = Debug|Any CPU
		{37692106-1CC8-4FEB-BBCE-CDCB63E40961}.Debug|Any CPU.Build.0 = Debug|Any CPU
		{37692106-1CC8-4FEB-BBCE-CDCB63E40961}.Release|Any CPU.ActiveCfg = Release|Any CPU
		{37692106-1CC8-4FEB-BBCE-CDCB63E40961}.Release|Any CPU.Build.0 = Release|Any CPU
		{152C6E00-1C79-41B7-81DB-12A7F247DD53}.Debug|Any CPU.ActiveCfg = Debug|Any CPU
		{152C6E00-1C79-41B7-81DB-12A7F247DD53}.Debug|Any CPU.Build.0 = Debug|Any CPU
		{152C6E00-1C79-41B7-81DB-12A7F247DD53}.Release|Any CPU.ActiveCfg = Release|Any CPU
		{152C6E00-1C79-41B7-81DB-12A7F247DD53}.Release|Any CPU.Build.0 = Release|Any CPU
		{27E81DFE-E2BA-4F79-972E-AE2ABEF0F3D4}.Debug|Any CPU.ActiveCfg = Debug|Any CPU
		{27E81DFE-E2BA-4F79-972E-AE2ABEF0F3D4}.Debug|Any CPU.Build.0 = Debug|Any CPU
		{27E81DFE-E2BA-4F79-972E-AE2ABEF0F3D4}.Release|Any CPU.ActiveCfg = Release|Any CPU
		{27E81DFE-E2BA-4F79-972E-AE2ABEF0F3D4}.Release|Any CPU.Build.0 = Release|Any CPU
		{84525254-133C-4B09-80AE-2A378FFC80BF}.Debug|Any CPU.ActiveCfg = Debug|Any CPU
		{84525254-133C-4B09-80AE-2A378FFC80BF}.Debug|Any CPU.Build.0 = Debug|Any CPU
		{84525254-133C-4B09-80AE-2A378FFC80BF}.Release|Any CPU.ActiveCfg = Release|Any CPU
		{84525254-133C-4B09-80AE-2A378FFC80BF}.Release|Any CPU.Build.0 = Release|Any CPU
		{3FEFF536-6F35-48B7-BA7A-4CDBFE159B09}.Debug|Any CPU.ActiveCfg = Debug|Any CPU
		{3FEFF536-6F35-48B7-BA7A-4CDBFE159B09}.Debug|Any CPU.Build.0 = Debug|Any CPU
		{3FEFF536-6F35-48B7-BA7A-4CDBFE159B09}.Release|Any CPU.ActiveCfg = Release|Any CPU
		{3FEFF536-6F35-48B7-BA7A-4CDBFE159B09}.Release|Any CPU.Build.0 = Release|Any CPU
		{6C17378D-009D-4556-AF0B-6D143A45CAD8}.Debug|Any CPU.ActiveCfg = Debug|Any CPU
		{6C17378D-009D-4556-AF0B-6D143A45CAD8}.Debug|Any CPU.Build.0 = Debug|Any CPU
		{6C17378D-009D-4556-AF0B-6D143A45CAD8}.Release|Any CPU.ActiveCfg = Release|Any CPU
		{6C17378D-009D-4556-AF0B-6D143A45CAD8}.Release|Any CPU.Build.0 = Release|Any CPU
		{10F251E0-3990-4754-B7BA-45487CD326D1}.Debug|Any CPU.ActiveCfg = Debug|Any CPU
		{10F251E0-3990-4754-B7BA-45487CD326D1}.Debug|Any CPU.Build.0 = Debug|Any CPU
		{10F251E0-3990-4754-B7BA-45487CD326D1}.Release|Any CPU.ActiveCfg = Release|Any CPU
		{10F251E0-3990-4754-B7BA-45487CD326D1}.Release|Any CPU.Build.0 = Release|Any CPU
		{2085FF1D-CB2C-41EE-95B1-6655CBA8DE95}.Debug|Any CPU.ActiveCfg = Debug|Any CPU
		{2085FF1D-CB2C-41EE-95B1-6655CBA8DE95}.Debug|Any CPU.Build.0 = Debug|Any CPU
		{2085FF1D-CB2C-41EE-95B1-6655CBA8DE95}.Release|Any CPU.ActiveCfg = Release|Any CPU
		{2085FF1D-CB2C-41EE-95B1-6655CBA8DE95}.Release|Any CPU.Build.0 = Release|Any CPU
		{36CD73D5-78DC-47E9-BB47-BEC6893DFFB6}.Debug|Any CPU.ActiveCfg = Debug|Any CPU
		{36CD73D5-78DC-47E9-BB47-BEC6893DFFB6}.Debug|Any CPU.Build.0 = Debug|Any CPU
		{36CD73D5-78DC-47E9-BB47-BEC6893DFFB6}.Release|Any CPU.ActiveCfg = Release|Any CPU
		{36CD73D5-78DC-47E9-BB47-BEC6893DFFB6}.Release|Any CPU.Build.0 = Release|Any CPU
		{50BB9515-DD4D-469E-AF0B-23FB991762B1}.Debug|Any CPU.ActiveCfg = Debug|Any CPU
		{50BB9515-DD4D-469E-AF0B-23FB991762B1}.Debug|Any CPU.Build.0 = Debug|Any CPU
		{50BB9515-DD4D-469E-AF0B-23FB991762B1}.Release|Any CPU.ActiveCfg = Release|Any CPU
		{50BB9515-DD4D-469E-AF0B-23FB991762B1}.Release|Any CPU.Build.0 = Release|Any CPU
		{87BC8ACC-E857-4380-A19D-53FCCA2CAC19}.Debug|Any CPU.ActiveCfg = Debug|Any CPU
		{87BC8ACC-E857-4380-A19D-53FCCA2CAC19}.Debug|Any CPU.Build.0 = Debug|Any CPU
		{87BC8ACC-E857-4380-A19D-53FCCA2CAC19}.Release|Any CPU.ActiveCfg = Release|Any CPU
		{87BC8ACC-E857-4380-A19D-53FCCA2CAC19}.Release|Any CPU.Build.0 = Release|Any CPU
	EndGlobalSection
	GlobalSection(SolutionProperties) = preSolution
		HideSolutionNode = FALSE
	EndGlobalSection
	GlobalSection(NestedProjects) = preSolution
		{57DBF8CA-C87A-4E18-B5E5-B4A3EE0E2999} = {E906DC24-D340-4306-9A1A-A1C9D41D2A4D}
	EndGlobalSection
	GlobalSection(ExtensibilityGlobals) = postSolution
		SolutionGuid = {ABFB28B4-1A40-4092-B6C6-ACB6313AF235}
	EndGlobalSection
EndGlobal
