
Microsoft Visual Studio Solution File, Format Version 12.00
# Visual Studio Version 17
VisualStudioVersion = 17.3.32819.101
MinimumVisualStudioVersion = 10.0.40219.1
Project("{FAE04EC0-301F-11D3-BF4B-00C04F79EFBC}") = "HW02_ShoeShop", "HW02_ShoeShop\HW02_ShoeShop.csproj", "{5E6D8D61-6BEB-4FE8-878A-066B715CB406}"
EndProject
Project("{FAE04EC0-301F-11D3-BF4B-00C04F79EFBC}") = "HW02_ShoeShop.Domais", "HW02_ShoeShop.Domais\HW02_ShoeShop.Domais.csproj", "{95E9525B-7081-41D6-96FC-0DAADE1CD962}"
EndProject
Project("{FAE04EC0-301F-11D3-BF4B-00C04F79EFBC}") = "HW02_ShoeShop.Infrastructure", "HW02_ShoeShop.Infrastructure\HW02_ShoeShop.Infrastructure.csproj", "{9B20DAAB-2404-4F21-A6BF-89720EC4C424}"
EndProject
Global
	GlobalSection(SolutionConfigurationPlatforms) = preSolution
		Debug|Any CPU = Debug|Any CPU
		Release|Any CPU = Release|Any CPU
	EndGlobalSection
	GlobalSection(ProjectConfigurationPlatforms) = postSolution
		{5E6D8D61-6BEB-4FE8-878A-066B715CB406}.Debug|Any CPU.ActiveCfg = Debug|Any CPU
		{5E6D8D61-6BEB-4FE8-878A-066B715CB406}.Debug|Any CPU.Build.0 = Debug|Any CPU
		{5E6D8D61-6BEB-4FE8-878A-066B715CB406}.Release|Any CPU.ActiveCfg = Release|Any CPU
		{5E6D8D61-6BEB-4FE8-878A-066B715CB406}.Release|Any CPU.Build.0 = Release|Any CPU
		{95E9525B-7081-41D6-96FC-0DAADE1CD962}.Debug|Any CPU.ActiveCfg = Debug|Any CPU
		{95E9525B-7081-41D6-96FC-0DAADE1CD962}.Debug|Any CPU.Build.0 = Debug|Any CPU
		{95E9525B-7081-41D6-96FC-0DAADE1CD962}.Release|Any CPU.ActiveCfg = Release|Any CPU
		{95E9525B-7081-41D6-96FC-0DAADE1CD962}.Release|Any CPU.Build.0 = Release|Any CPU
		{9B20DAAB-2404-4F21-A6BF-89720EC4C424}.Debug|Any CPU.ActiveCfg = Debug|Any CPU
		{9B20DAAB-2404-4F21-A6BF-89720EC4C424}.Debug|Any CPU.Build.0 = Debug|Any CPU
		{9B20DAAB-2404-4F21-A6BF-89720EC4C424}.Release|Any CPU.ActiveCfg = Release|Any CPU
		{9B20DAAB-2404-4F21-A6BF-89720EC4C424}.Release|Any CPU.Build.0 = Release|Any CPU
	EndGlobalSection
	GlobalSection(SolutionProperties) = preSolution
		HideSolutionNode = FALSE
	EndGlobalSection
	GlobalSection(ExtensibilityGlobals) = postSolution
		SolutionGuid = {15E77DC2-0507-4E53-888E-7598399A387F}
	EndGlobalSection
EndGlobal
